// !$*UTF8*$!
{
	archiveVersion = 1;
	classes = {
	};
	objectVersion = 46;
	objects = {

/* Begin PBXBuildFile section */
		6FCFC3C000CEEB8A1E23DB8F /* Pods_MyMonero.framework in Frameworks */ = {isa = PBXBuildFile; fileRef = 23FFD28B95E856EC54635727 /* Pods_MyMonero.framework */; };
		9F00B8E01EC276C30040F52A /* MoneroOpenAlias.swift in Sources */ = {isa = PBXBuildFile; fileRef = 9F00B8D91EC276C30040F52A /* MoneroOpenAlias.swift */; };
		9F00B8E11EC276C30040F52A /* MoneroRequestURIs.swift in Sources */ = {isa = PBXBuildFile; fileRef = 9F00B8DA1EC276C30040F52A /* MoneroRequestURIs.swift */; };
		9F00B8E21EC276C30040F52A /* MoneroTransactions.swift in Sources */ = {isa = PBXBuildFile; fileRef = 9F00B8DB1EC276C30040F52A /* MoneroTransactions.swift */; };
		9F00B8E31EC276C30040F52A /* MyMoneroCore.swift in Sources */ = {isa = PBXBuildFile; fileRef = 9F00B8DC1EC276C30040F52A /* MyMoneroCore.swift */; };
		9F00B8E41EC276C30040F52A /* MyMoneroJSCore.swift in Sources */ = {isa = PBXBuildFile; fileRef = 9F00B8DD1EC276C30040F52A /* MyMoneroJSCore.swift */; };
		9F1B57471ED4E92D00410675 /* MoneroMnemonics.swift in Sources */ = {isa = PBXBuildFile; fileRef = 9F1B57461ED4E92D00410675 /* MoneroMnemonics.swift */; };
		9F1B57491ED8F78D00410675 /* Wallet_HostPollingController.swift in Sources */ = {isa = PBXBuildFile; fileRef = 9F1B57481ED8F78D00410675 /* Wallet_HostPollingController.swift */; };
		9F1C4B981EC241D4004473CE /* mymonero-js-core-ios-build.js in Resources */ = {isa = PBXBuildFile; fileRef = 9F1C4B971EC241D4004473CE /* mymonero-js-core-ios-build.js */; };
		9F30470D1EC657CB00190268 /* MoneroAmounts.swift in Sources */ = {isa = PBXBuildFile; fileRef = 9F30470C1EC657CB00190268 /* MoneroAmounts.swift */; };
		9F4668811EC664CC0075F9CD /* MoneroPaymentIDs.swift in Sources */ = {isa = PBXBuildFile; fileRef = 9F4668801EC664CC0075F9CD /* MoneroPaymentIDs.swift */; };
		9F7ADAF91EBD2C1C0073C2BB /* AppDelegate.swift in Sources */ = {isa = PBXBuildFile; fileRef = 9F7ADAF41EBD2C1C0073C2BB /* AppDelegate.swift */; };
		9F7ADAFA1EBD2C1C0073C2BB /* RootViewController.swift in Sources */ = {isa = PBXBuildFile; fileRef = 9F7ADAF51EBD2C1C0073C2BB /* RootViewController.swift */; };
		9F7ADAFB1EBD2C1C0073C2BB /* Assets.xcassets in Resources */ = {isa = PBXBuildFile; fileRef = 9F7ADAF71EBD2C1C0073C2BB /* Assets.xcassets */; };
		9F7ADAFE1EBD2CAF0073C2BB /* LaunchScreen.storyboard in Resources */ = {isa = PBXBuildFile; fileRef = 9F7ADAFD1EBD2CAF0073C2BB /* LaunchScreen.storyboard */; };
		9F7ADB021EBD30330073C2BB /* AppRuntimeController.swift in Sources */ = {isa = PBXBuildFile; fileRef = 9F7ADB011EBD30330073C2BB /* AppRuntimeController.swift */; };
		9F7ADB041EBD30710073C2BB /* WindowController.swift in Sources */ = {isa = PBXBuildFile; fileRef = 9F7ADB031EBD30710073C2BB /* WindowController.swift */; };
		9F7E51711EC6156C001EAB3F /* HostedMoneroAPIClient.swift in Sources */ = {isa = PBXBuildFile; fileRef = 9F7E516E1EC6156C001EAB3F /* HostedMoneroAPIClient.swift */; };
		9F7E51721EC6156C001EAB3F /* HostedMonero_OpenAliasResolving.swift in Sources */ = {isa = PBXBuildFile; fileRef = 9F7E516F1EC6156C001EAB3F /* HostedMonero_OpenAliasResolving.swift */; };
		9F7E51731EC6156C001EAB3F /* HostedMonero_SendingFunds.swift in Sources */ = {isa = PBXBuildFile; fileRef = 9F7E51701EC6156C001EAB3F /* HostedMonero_SendingFunds.swift */; };
		9FC366E51ECFA0E0006CE743 /* Wallet.swift in Sources */ = {isa = PBXBuildFile; fileRef = 9FC366E41ECFA0E0006CE743 /* Wallet.swift */; };
		9FC366E91ECFA0F7006CE743 /* WalletsListController.swift in Sources */ = {isa = PBXBuildFile; fileRef = 9FC366E81ECFA0F7006CE743 /* WalletsListController.swift */; };
		9FC366EB1ECFA101006CE743 /* WalletsListViewController.swift in Sources */ = {isa = PBXBuildFile; fileRef = 9FC366EA1ECFA101006CE743 /* WalletsListViewController.swift */; };
		9FEC04F31ECFD8C4009256BD /* PersistedObjectListController.swift in Sources */ = {isa = PBXBuildFile; fileRef = 9FEC04EE1ECFD8C4009256BD /* PersistedObjectListController.swift */; };
		9FEC04F41ECFD8C4009256BD /* ListedObject.swift in Sources */ = {isa = PBXBuildFile; fileRef = 9FEC04F01ECFD8C4009256BD /* ListedObject.swift */; };
		9FEC04F51ECFD8C4009256BD /* ListViewController.swift in Sources */ = {isa = PBXBuildFile; fileRef = 9FEC04F21ECFD8C4009256BD /* ListViewController.swift */; };
		9FEC04F91ECFD94B009256BD /* PersistableObject.swift in Sources */ = {isa = PBXBuildFile; fileRef = 9FEC04F81ECFD94B009256BD /* PersistableObject.swift */; };
		9FEC04FB1ECFE23E009256BD /* DocumentPersister.swift in Sources */ = {isa = PBXBuildFile; fileRef = 9FEC04FA1ECFE23E009256BD /* DocumentPersister.swift */; };
		9FEC04FD1ECFE249009256BD /* DocumentCryptor.swift in Sources */ = {isa = PBXBuildFile; fileRef = 9FEC04FC1ECFE249009256BD /* DocumentCryptor.swift */; };
		9FEC05021ED34B95009256BD /* PasswordController.swift in Sources */ = {isa = PBXBuildFile; fileRef = 9FEC05011ED34B95009256BD /* PasswordController.swift */; };
/* End PBXBuildFile section */

/* Begin PBXFileReference section */
		23FFD28B95E856EC54635727 /* Pods_MyMonero.framework */ = {isa = PBXFileReference; explicitFileType = wrapper.framework; includeInIndex = 0; path = Pods_MyMonero.framework; sourceTree = BUILT_PRODUCTS_DIR; };
		78858D4A99C81FB2BE0B0552 /* Pods-MyMonero.release.xcconfig */ = {isa = PBXFileReference; includeInIndex = 1; lastKnownFileType = text.xcconfig; name = "Pods-MyMonero.release.xcconfig"; path = "Pods/Target Support Files/Pods-MyMonero/Pods-MyMonero.release.xcconfig"; sourceTree = "<group>"; };
		9F00B8D91EC276C30040F52A /* MoneroOpenAlias.swift */ = {isa = PBXFileReference; fileEncoding = 4; lastKnownFileType = sourcecode.swift; path = MoneroOpenAlias.swift; sourceTree = "<group>"; };
		9F00B8DA1EC276C30040F52A /* MoneroRequestURIs.swift */ = {isa = PBXFileReference; fileEncoding = 4; lastKnownFileType = sourcecode.swift; path = MoneroRequestURIs.swift; sourceTree = "<group>"; };
		9F00B8DB1EC276C30040F52A /* MoneroTransactions.swift */ = {isa = PBXFileReference; fileEncoding = 4; lastKnownFileType = sourcecode.swift; path = MoneroTransactions.swift; sourceTree = "<group>"; };
		9F00B8DC1EC276C30040F52A /* MyMoneroCore.swift */ = {isa = PBXFileReference; fileEncoding = 4; lastKnownFileType = sourcecode.swift; path = MyMoneroCore.swift; sourceTree = "<group>"; };
		9F00B8DD1EC276C30040F52A /* MyMoneroJSCore.swift */ = {isa = PBXFileReference; fileEncoding = 4; lastKnownFileType = sourcecode.swift; path = MyMoneroJSCore.swift; sourceTree = "<group>"; };
		9F1B57461ED4E92D00410675 /* MoneroMnemonics.swift */ = {isa = PBXFileReference; fileEncoding = 4; lastKnownFileType = sourcecode.swift; path = MoneroMnemonics.swift; sourceTree = "<group>"; };
		9F1B57481ED8F78D00410675 /* Wallet_HostPollingController.swift */ = {isa = PBXFileReference; fileEncoding = 4; lastKnownFileType = sourcecode.swift; path = Wallet_HostPollingController.swift; sourceTree = "<group>"; };
		9F1C4B971EC241D4004473CE /* mymonero-js-core-ios-build.js */ = {isa = PBXFileReference; fileEncoding = 4; lastKnownFileType = sourcecode.javascript; name = "mymonero-js-core-ios-build.js"; path = "Modules/MyMoneroCore/build/mymonero-js-core-ios-build.js"; sourceTree = SOURCE_ROOT; };
		9F24AE191EBA7D3A00841BCB /* MyMonero.app */ = {isa = PBXFileReference; explicitFileType = wrapper.application; includeInIndex = 0; path = MyMonero.app; sourceTree = BUILT_PRODUCTS_DIR; };
		9F30470C1EC657CB00190268 /* MoneroAmounts.swift */ = {isa = PBXFileReference; fileEncoding = 4; lastKnownFileType = sourcecode.swift; path = MoneroAmounts.swift; sourceTree = "<group>"; };
		9F4668801EC664CC0075F9CD /* MoneroPaymentIDs.swift */ = {isa = PBXFileReference; fileEncoding = 4; lastKnownFileType = sourcecode.swift; path = MoneroPaymentIDs.swift; sourceTree = "<group>"; };
		9F7ADAF41EBD2C1C0073C2BB /* AppDelegate.swift */ = {isa = PBXFileReference; fileEncoding = 4; lastKnownFileType = sourcecode.swift; path = AppDelegate.swift; sourceTree = "<group>"; };
		9F7ADAF51EBD2C1C0073C2BB /* RootViewController.swift */ = {isa = PBXFileReference; fileEncoding = 4; lastKnownFileType = sourcecode.swift; path = RootViewController.swift; sourceTree = "<group>"; };
		9F7ADAF71EBD2C1C0073C2BB /* Assets.xcassets */ = {isa = PBXFileReference; lastKnownFileType = folder.assetcatalog; path = Assets.xcassets; sourceTree = "<group>"; };
		9F7ADAF81EBD2C1C0073C2BB /* Info.plist */ = {isa = PBXFileReference; fileEncoding = 4; lastKnownFileType = text.plist.xml; path = Info.plist; sourceTree = "<group>"; };
		9F7ADAFD1EBD2CAF0073C2BB /* LaunchScreen.storyboard */ = {isa = PBXFileReference; fileEncoding = 4; lastKnownFileType = file.storyboard; path = LaunchScreen.storyboard; sourceTree = "<group>"; };
		9F7ADB011EBD30330073C2BB /* AppRuntimeController.swift */ = {isa = PBXFileReference; fileEncoding = 4; lastKnownFileType = sourcecode.swift; path = AppRuntimeController.swift; sourceTree = "<group>"; };
		9F7ADB031EBD30710073C2BB /* WindowController.swift */ = {isa = PBXFileReference; fileEncoding = 4; lastKnownFileType = sourcecode.swift; path = WindowController.swift; sourceTree = "<group>"; };
		9F7E516E1EC6156C001EAB3F /* HostedMoneroAPIClient.swift */ = {isa = PBXFileReference; fileEncoding = 4; lastKnownFileType = sourcecode.swift; path = HostedMoneroAPIClient.swift; sourceTree = "<group>"; };
		9F7E516F1EC6156C001EAB3F /* HostedMonero_OpenAliasResolving.swift */ = {isa = PBXFileReference; fileEncoding = 4; lastKnownFileType = sourcecode.swift; path = HostedMonero_OpenAliasResolving.swift; sourceTree = "<group>"; };
		9F7E51701EC6156C001EAB3F /* HostedMonero_SendingFunds.swift */ = {isa = PBXFileReference; fileEncoding = 4; lastKnownFileType = sourcecode.swift; path = HostedMonero_SendingFunds.swift; sourceTree = "<group>"; };
		9FC366E41ECFA0E0006CE743 /* Wallet.swift */ = {isa = PBXFileReference; fileEncoding = 4; lastKnownFileType = sourcecode.swift; path = Wallet.swift; sourceTree = "<group>"; };
		9FC366E81ECFA0F7006CE743 /* WalletsListController.swift */ = {isa = PBXFileReference; fileEncoding = 4; lastKnownFileType = sourcecode.swift; path = WalletsListController.swift; sourceTree = "<group>"; };
		9FC366EA1ECFA101006CE743 /* WalletsListViewController.swift */ = {isa = PBXFileReference; fileEncoding = 4; lastKnownFileType = sourcecode.swift; path = WalletsListViewController.swift; sourceTree = "<group>"; };
		9FEC04EE1ECFD8C4009256BD /* PersistedObjectListController.swift */ = {isa = PBXFileReference; fileEncoding = 4; lastKnownFileType = sourcecode.swift; path = PersistedObjectListController.swift; sourceTree = "<group>"; };
		9FEC04F01ECFD8C4009256BD /* ListedObject.swift */ = {isa = PBXFileReference; fileEncoding = 4; lastKnownFileType = sourcecode.swift; path = ListedObject.swift; sourceTree = "<group>"; };
		9FEC04F21ECFD8C4009256BD /* ListViewController.swift */ = {isa = PBXFileReference; fileEncoding = 4; lastKnownFileType = sourcecode.swift; path = ListViewController.swift; sourceTree = "<group>"; };
		9FEC04F81ECFD94B009256BD /* PersistableObject.swift */ = {isa = PBXFileReference; fileEncoding = 4; lastKnownFileType = sourcecode.swift; path = PersistableObject.swift; sourceTree = "<group>"; };
		9FEC04FA1ECFE23E009256BD /* DocumentPersister.swift */ = {isa = PBXFileReference; fileEncoding = 4; lastKnownFileType = sourcecode.swift; path = DocumentPersister.swift; sourceTree = "<group>"; };
		9FEC04FC1ECFE249009256BD /* DocumentCryptor.swift */ = {isa = PBXFileReference; fileEncoding = 4; lastKnownFileType = sourcecode.swift; path = DocumentCryptor.swift; sourceTree = "<group>"; };
		9FEC05011ED34B95009256BD /* PasswordController.swift */ = {isa = PBXFileReference; fileEncoding = 4; lastKnownFileType = sourcecode.swift; path = PasswordController.swift; sourceTree = "<group>"; };
		B9235B9A658A8ABD74A66866 /* Pods-MyMonero.debug.xcconfig */ = {isa = PBXFileReference; includeInIndex = 1; lastKnownFileType = text.xcconfig; name = "Pods-MyMonero.debug.xcconfig"; path = "Pods/Target Support Files/Pods-MyMonero/Pods-MyMonero.debug.xcconfig"; sourceTree = "<group>"; };
/* End PBXFileReference section */

/* Begin PBXFrameworksBuildPhase section */
		9F24AE161EBA7D3A00841BCB /* Frameworks */ = {
			isa = PBXFrameworksBuildPhase;
			buildActionMask = 2147483647;
			files = (
				6FCFC3C000CEEB8A1E23DB8F /* Pods_MyMonero.framework in Frameworks */,
			);
			runOnlyForDeploymentPostprocessing = 0;
		};
/* End PBXFrameworksBuildPhase section */

/* Begin PBXGroup section */
		1E71B88EA031DF8E0C808D87 /* Pods */ = {
			isa = PBXGroup;
			children = (
				B9235B9A658A8ABD74A66866 /* Pods-MyMonero.debug.xcconfig */,
				78858D4A99C81FB2BE0B0552 /* Pods-MyMonero.release.xcconfig */,
			);
			name = Pods;
			sourceTree = "<group>";
		};
		9F00B8D81EC276C30040F52A /* Swift */ = {
			isa = PBXGroup;
			children = (
				9F00B8DC1EC276C30040F52A /* MyMoneroCore.swift */,
				9F00B8DD1EC276C30040F52A /* MyMoneroJSCore.swift */,
				9F30470C1EC657CB00190268 /* MoneroAmounts.swift */,
				9F00B8DB1EC276C30040F52A /* MoneroTransactions.swift */,
				9F00B8DA1EC276C30040F52A /* MoneroRequestURIs.swift */,
				9F00B8D91EC276C30040F52A /* MoneroOpenAlias.swift */,
				9F4668801EC664CC0075F9CD /* MoneroPaymentIDs.swift */,
				9F1B57461ED4E92D00410675 /* MoneroMnemonics.swift */,
			);
			name = Swift;
			path = Modules/MyMoneroCore/Swift;
			sourceTree = SOURCE_ROOT;
		};
		9F24AE101EBA7D3A00841BCB = {
			isa = PBXGroup;
			children = (
				9F7ADAA51EBD2B420073C2BB /* Modules */,
				9F24AE1A1EBA7D3A00841BCB /* Products */,
				1E71B88EA031DF8E0C808D87 /* Pods */,
				B1FD17CA08A86496EC2BCADE /* Frameworks */,
			);
			sourceTree = "<group>";
		};
		9F24AE1A1EBA7D3A00841BCB /* Products */ = {
			isa = PBXGroup;
			children = (
				9F24AE191EBA7D3A00841BCB /* MyMonero.app */,
			);
			name = Products;
			sourceTree = "<group>";
		};
		9F7ADAA51EBD2B420073C2BB /* Modules */ = {
			isa = PBXGroup;
			children = (
				9F7ADAA61EBD2B420073C2BB /* App */,
				9F7ADAAF1EBD2B420073C2BB /* MyMoneroCore */,
				9F7E516D1EC61550001EAB3F /* HostedMonero */,
				9FEC04F61ECFD8D3009256BD /* Persistence */,
				9FEC04FE1ED34B5B009256BD /* Passwords */,
				9FEC04EC1ECFD8C4009256BD /* Lists */,
				9FC366DC1ECF9F90006CE743 /* Wallets */,
			);
			path = Modules;
			sourceTree = "<group>";
		};
		9F7ADAA61EBD2B420073C2BB /* App */ = {
			isa = PBXGroup;
			children = (
				9F7ADAF31EBD2C1C0073C2BB /* Controllers */,
				9F7ADAF61EBD2C1C0073C2BB /* Resources */,
			);
			path = App;
			sourceTree = "<group>";
		};
		9F7ADAAF1EBD2B420073C2BB /* MyMoneroCore */ = {
			isa = PBXGroup;
			children = (
				9F00B8D81EC276C30040F52A /* Swift */,
				9F7ADAB41EBD2B420073C2BB /* build */,
			);
			name = MyMoneroCore;
			path = MyMoneroJSCore;
			sourceTree = "<group>";
		};
		9F7ADAB41EBD2B420073C2BB /* build */ = {
			isa = PBXGroup;
			children = (
				9F1C4B971EC241D4004473CE /* mymonero-js-core-ios-build.js */,
			);
			path = build;
			sourceTree = "<group>";
		};
		9F7ADAF31EBD2C1C0073C2BB /* Controllers */ = {
			isa = PBXGroup;
			children = (
				9F7ADAF41EBD2C1C0073C2BB /* AppDelegate.swift */,
				9F7ADB031EBD30710073C2BB /* WindowController.swift */,
				9F7ADAF51EBD2C1C0073C2BB /* RootViewController.swift */,
				9F7ADB011EBD30330073C2BB /* AppRuntimeController.swift */,
			);
			path = Controllers;
			sourceTree = "<group>";
		};
		9F7ADAF61EBD2C1C0073C2BB /* Resources */ = {
			isa = PBXGroup;
			children = (
				9F7ADAFD1EBD2CAF0073C2BB /* LaunchScreen.storyboard */,
				9F7ADAF71EBD2C1C0073C2BB /* Assets.xcassets */,
				9F7ADAF81EBD2C1C0073C2BB /* Info.plist */,
			);
			path = Resources;
			sourceTree = "<group>";
		};
		9F7E516D1EC61550001EAB3F /* HostedMonero */ = {
			isa = PBXGroup;
			children = (
				9F7E516E1EC6156C001EAB3F /* HostedMoneroAPIClient.swift */,
				9F7E516F1EC6156C001EAB3F /* HostedMonero_OpenAliasResolving.swift */,
				9F7E51701EC6156C001EAB3F /* HostedMonero_SendingFunds.swift */,
			);
			path = HostedMonero;
			sourceTree = "<group>";
		};
		9FC366DC1ECF9F90006CE743 /* Wallets */ = {
			isa = PBXGroup;
			children = (
				9FC366DD1ECF9F90006CE743 /* Controllers */,
				9FC366DE1ECF9F90006CE743 /* Models */,
				9FC366DF1ECF9F90006CE743 /* Views */,
			);
			path = Wallets;
			sourceTree = "<group>";
		};
		9FC366DD1ECF9F90006CE743 /* Controllers */ = {
			isa = PBXGroup;
			children = (
				9FC366E81ECFA0F7006CE743 /* WalletsListController.swift */,
				9F1B57481ED8F78D00410675 /* Wallet_HostPollingController.swift */,
			);
			path = Controllers;
			sourceTree = "<group>";
		};
		9FC366DE1ECF9F90006CE743 /* Models */ = {
			isa = PBXGroup;
			children = (
				9FC366E41ECFA0E0006CE743 /* Wallet.swift */,
			);
			path = Models;
			sourceTree = "<group>";
		};
		9FC366DF1ECF9F90006CE743 /* Views */ = {
			isa = PBXGroup;
			children = (
				9FC366EA1ECFA101006CE743 /* WalletsListViewController.swift */,
			);
			path = Views;
			sourceTree = "<group>";
		};
		9FEC04EC1ECFD8C4009256BD /* Lists */ = {
			isa = PBXGroup;
			children = (
				9FEC04ED1ECFD8C4009256BD /* Controllers */,
				9FEC04EF1ECFD8C4009256BD /* Models */,
				9FEC04F11ECFD8C4009256BD /* Views */,
			);
			path = Lists;
			sourceTree = "<group>";
		};
		9FEC04ED1ECFD8C4009256BD /* Controllers */ = {
			isa = PBXGroup;
			children = (
				9FEC04EE1ECFD8C4009256BD /* PersistedObjectListController.swift */,
			);
			path = Controllers;
			sourceTree = "<group>";
		};
		9FEC04EF1ECFD8C4009256BD /* Models */ = {
			isa = PBXGroup;
			children = (
				9FEC04F01ECFD8C4009256BD /* ListedObject.swift */,
			);
			path = Models;
			sourceTree = "<group>";
		};
		9FEC04F11ECFD8C4009256BD /* Views */ = {
			isa = PBXGroup;
			children = (
				9FEC04F21ECFD8C4009256BD /* ListViewController.swift */,
			);
			path = Views;
			sourceTree = "<group>";
		};
		9FEC04F61ECFD8D3009256BD /* Persistence */ = {
			isa = PBXGroup;
			children = (
				9FEC04F81ECFD94B009256BD /* PersistableObject.swift */,
				9FEC04FA1ECFE23E009256BD /* DocumentPersister.swift */,
				9FEC04FC1ECFE249009256BD /* DocumentCryptor.swift */,
			);
			path = Persistence;
			sourceTree = "<group>";
		};
		9FEC04FE1ED34B5B009256BD /* Passwords */ = {
			isa = PBXGroup;
			children = (
				9FEC04FF1ED34B5B009256BD /* Controllers */,
				9FEC05001ED34B5B009256BD /* Views */,
			);
			path = Passwords;
			sourceTree = "<group>";
		};
		9FEC04FF1ED34B5B009256BD /* Controllers */ = {
			isa = PBXGroup;
			children = (
				9FEC05011ED34B95009256BD /* PasswordController.swift */,
			);
			path = Controllers;
			sourceTree = "<group>";
		};
		9FEC05001ED34B5B009256BD /* Views */ = {
			isa = PBXGroup;
			children = (
			);
			path = Views;
			sourceTree = "<group>";
		};
		B1FD17CA08A86496EC2BCADE /* Frameworks */ = {
			isa = PBXGroup;
			children = (
				23FFD28B95E856EC54635727 /* Pods_MyMonero.framework */,
			);
			name = Frameworks;
			sourceTree = "<group>";
		};
/* End PBXGroup section */

/* Begin PBXNativeTarget section */
		9F24AE181EBA7D3A00841BCB /* MyMonero */ = {
			isa = PBXNativeTarget;
			buildConfigurationList = 9F24AE411EBA7D3A00841BCB /* Build configuration list for PBXNativeTarget "MyMonero" */;
			buildPhases = (
				8273B9EE1C489BA8C23DEFF6 /* [CP] Check Pods Manifest.lock */,
				9F24AE151EBA7D3A00841BCB /* Sources */,
				9F24AE161EBA7D3A00841BCB /* Frameworks */,
				9F24AE171EBA7D3A00841BCB /* Resources */,
				B1FB2FC478D1C87DBF8AABF8 /* [CP] Embed Pods Frameworks */,
				735119A813CBABC14DEA6AED /* [CP] Copy Pods Resources */,
			);
			buildRules = (
			);
			dependencies = (
			);
			name = MyMonero;
			productName = MyMonero;
			productReference = 9F24AE191EBA7D3A00841BCB /* MyMonero.app */;
			productType = "com.apple.product-type.application";
		};
/* End PBXNativeTarget section */

/* Begin PBXProject section */
		9F24AE111EBA7D3A00841BCB /* Project object */ = {
			isa = PBXProject;
			attributes = {
				LastSwiftUpdateCheck = 0830;
				LastUpgradeCheck = 0830;
				ORGANIZATIONNAME = MyMonero;
				TargetAttributes = {
					9F24AE181EBA7D3A00841BCB = {
						CreatedOnToolsVersion = 8.3.2;
						ProvisioningStyle = Automatic;
					};
				};
			};
			buildConfigurationList = 9F24AE141EBA7D3A00841BCB /* Build configuration list for PBXProject "MyMonero" */;
			compatibilityVersion = "Xcode 3.2";
			developmentRegion = English;
			hasScannedForEncodings = 0;
			knownRegions = (
				en,
				Base,
			);
			mainGroup = 9F24AE101EBA7D3A00841BCB;
			productRefGroup = 9F24AE1A1EBA7D3A00841BCB /* Products */;
			projectDirPath = "";
			projectRoot = "";
			targets = (
				9F24AE181EBA7D3A00841BCB /* MyMonero */,
			);
		};
/* End PBXProject section */

/* Begin PBXResourcesBuildPhase section */
		9F24AE171EBA7D3A00841BCB /* Resources */ = {
			isa = PBXResourcesBuildPhase;
			buildActionMask = 2147483647;
			files = (
				9F1C4B981EC241D4004473CE /* mymonero-js-core-ios-build.js in Resources */,
				9F7ADAFB1EBD2C1C0073C2BB /* Assets.xcassets in Resources */,
				9F7ADAFE1EBD2CAF0073C2BB /* LaunchScreen.storyboard in Resources */,
			);
			runOnlyForDeploymentPostprocessing = 0;
		};
/* End PBXResourcesBuildPhase section */

/* Begin PBXShellScriptBuildPhase section */
		735119A813CBABC14DEA6AED /* [CP] Copy Pods Resources */ = {
			isa = PBXShellScriptBuildPhase;
			buildActionMask = 2147483647;
			files = (
			);
			inputPaths = (
			);
			name = "[CP] Copy Pods Resources";
			outputPaths = (
			);
			runOnlyForDeploymentPostprocessing = 0;
			shellPath = /bin/sh;
			shellScript = "\"${SRCROOT}/Pods/Target Support Files/Pods-MyMonero/Pods-MyMonero-resources.sh\"\n";
			showEnvVarsInLog = 0;
		};
		8273B9EE1C489BA8C23DEFF6 /* [CP] Check Pods Manifest.lock */ = {
			isa = PBXShellScriptBuildPhase;
			buildActionMask = 2147483647;
			files = (
			);
			inputPaths = (
			);
			name = "[CP] Check Pods Manifest.lock";
			outputPaths = (
			);
			runOnlyForDeploymentPostprocessing = 0;
			shellPath = /bin/sh;
			shellScript = "diff \"${PODS_PODFILE_DIR_PATH}/Podfile.lock\" \"${PODS_ROOT}/Manifest.lock\" > /dev/null\nif [ $? != 0 ] ; then\n    # print error to STDERR\n    echo \"error: The sandbox is not in sync with the Podfile.lock. Run 'pod install' or update your CocoaPods installation.\" >&2\n    exit 1\nfi\n";
			showEnvVarsInLog = 0;
		};
		B1FB2FC478D1C87DBF8AABF8 /* [CP] Embed Pods Frameworks */ = {
			isa = PBXShellScriptBuildPhase;
			buildActionMask = 2147483647;
			files = (
			);
			inputPaths = (
			);
			name = "[CP] Embed Pods Frameworks";
			outputPaths = (
			);
			runOnlyForDeploymentPostprocessing = 0;
			shellPath = /bin/sh;
			shellScript = "\"${SRCROOT}/Pods/Target Support Files/Pods-MyMonero/Pods-MyMonero-frameworks.sh\"\n";
			showEnvVarsInLog = 0;
		};
/* End PBXShellScriptBuildPhase section */

/* Begin PBXSourcesBuildPhase section */
		9F24AE151EBA7D3A00841BCB /* Sources */ = {
			isa = PBXSourcesBuildPhase;
			buildActionMask = 2147483647;
			files = (
				9F00B8E41EC276C30040F52A /* MyMoneroJSCore.swift in Sources */,
				9FC366EB1ECFA101006CE743 /* WalletsListViewController.swift in Sources */,
				9F4668811EC664CC0075F9CD /* MoneroPaymentIDs.swift in Sources */,
				9FEC04F31ECFD8C4009256BD /* PersistedObjectListController.swift in Sources */,
				9F7ADAFA1EBD2C1C0073C2BB /* RootViewController.swift in Sources */,
				9F00B8E01EC276C30040F52A /* MoneroOpenAlias.swift in Sources */,
				9F30470D1EC657CB00190268 /* MoneroAmounts.swift in Sources */,
				9F7E51721EC6156C001EAB3F /* HostedMonero_OpenAliasResolving.swift in Sources */,
				9F00B8E21EC276C30040F52A /* MoneroTransactions.swift in Sources */,
				9F7ADB041EBD30710073C2BB /* WindowController.swift in Sources */,
				9FEC04FD1ECFE249009256BD /* DocumentCryptor.swift in Sources */,
				9F00B8E31EC276C30040F52A /* MyMoneroCore.swift in Sources */,
				9F7E51731EC6156C001EAB3F /* HostedMonero_SendingFunds.swift in Sources */,
				9FEC04FB1ECFE23E009256BD /* DocumentPersister.swift in Sources */,
				9F7E51711EC6156C001EAB3F /* HostedMoneroAPIClient.swift in Sources */,
				9FC366E91ECFA0F7006CE743 /* WalletsListController.swift in Sources */,
				9F1B57491ED8F78D00410675 /* Wallet_HostPollingController.swift in Sources */,
				9F7ADAF91EBD2C1C0073C2BB /* AppDelegate.swift in Sources */,
				9F00B8E11EC276C30040F52A /* MoneroRequestURIs.swift in Sources */,
				9FEC05021ED34B95009256BD /* PasswordController.swift in Sources */,
				9FC366E51ECFA0E0006CE743 /* Wallet.swift in Sources */,
				9FEC04F41ECFD8C4009256BD /* ListedObject.swift in Sources */,
				9F7ADB021EBD30330073C2BB /* AppRuntimeController.swift in Sources */,
				9FEC04F91ECFD94B009256BD /* PersistableObject.swift in Sources */,
				9F1B57471ED4E92D00410675 /* MoneroMnemonics.swift in Sources */,
				9FEC04F51ECFD8C4009256BD /* ListViewController.swift in Sources */,
			);
			runOnlyForDeploymentPostprocessing = 0;
		};
/* End PBXSourcesBuildPhase section */

/* Begin XCBuildConfiguration section */
		9F24AE3F1EBA7D3A00841BCB /* Debug */ = {
			isa = XCBuildConfiguration;
			buildSettings = {
				ALWAYS_SEARCH_USER_PATHS = NO;
				CLANG_ANALYZER_NONNULL = YES;
				CLANG_ANALYZER_NUMBER_OBJECT_CONVERSION = YES_AGGRESSIVE;
				CLANG_CXX_LANGUAGE_STANDARD = "gnu++0x";
				CLANG_CXX_LIBRARY = "libc++";
				CLANG_ENABLE_MODULES = YES;
				CLANG_ENABLE_OBJC_ARC = YES;
				CLANG_WARN_BOOL_CONVERSION = YES;
				CLANG_WARN_CONSTANT_CONVERSION = YES;
				CLANG_WARN_DIRECT_OBJC_ISA_USAGE = YES_ERROR;
				CLANG_WARN_DOCUMENTATION_COMMENTS = YES;
				CLANG_WARN_EMPTY_BODY = YES;
				CLANG_WARN_ENUM_CONVERSION = YES;
				CLANG_WARN_INFINITE_RECURSION = YES;
				CLANG_WARN_INT_CONVERSION = YES;
				CLANG_WARN_OBJC_ROOT_CLASS = YES_ERROR;
				CLANG_WARN_SUSPICIOUS_MOVE = YES;
				CLANG_WARN_UNREACHABLE_CODE = YES;
				CLANG_WARN__DUPLICATE_METHOD_MATCH = YES;
				"CODE_SIGN_IDENTITY[sdk=iphoneos*]" = "iPhone Developer";
				COPY_PHASE_STRIP = NO;
				DEBUG_INFORMATION_FORMAT = dwarf;
				ENABLE_STRICT_OBJC_MSGSEND = YES;
				ENABLE_TESTABILITY = YES;
				GCC_C_LANGUAGE_STANDARD = gnu99;
				GCC_DYNAMIC_NO_PIC = NO;
				GCC_NO_COMMON_BLOCKS = YES;
				GCC_OPTIMIZATION_LEVEL = 0;
				GCC_PREPROCESSOR_DEFINITIONS = (
					"DEBUG=1",
					"$(inherited)",
				);
				GCC_WARN_64_TO_32_BIT_CONVERSION = YES;
				GCC_WARN_ABOUT_RETURN_TYPE = YES_ERROR;
				GCC_WARN_UNDECLARED_SELECTOR = YES;
				GCC_WARN_UNINITIALIZED_AUTOS = YES_AGGRESSIVE;
				GCC_WARN_UNUSED_FUNCTION = YES;
				GCC_WARN_UNUSED_VARIABLE = YES;
				IPHONEOS_DEPLOYMENT_TARGET = 10.3;
				MTL_ENABLE_DEBUG_INFO = YES;
				ONLY_ACTIVE_ARCH = YES;
				SDKROOT = iphoneos;
				SWIFT_ACTIVE_COMPILATION_CONDITIONS = DEBUG;
				SWIFT_OPTIMIZATION_LEVEL = "-Onone";
			};
			name = Debug;
		};
		9F24AE401EBA7D3A00841BCB /* Release */ = {
			isa = XCBuildConfiguration;
			buildSettings = {
				ALWAYS_SEARCH_USER_PATHS = NO;
				CLANG_ANALYZER_NONNULL = YES;
				CLANG_ANALYZER_NUMBER_OBJECT_CONVERSION = YES_AGGRESSIVE;
				CLANG_CXX_LANGUAGE_STANDARD = "gnu++0x";
				CLANG_CXX_LIBRARY = "libc++";
				CLANG_ENABLE_MODULES = YES;
				CLANG_ENABLE_OBJC_ARC = YES;
				CLANG_WARN_BOOL_CONVERSION = YES;
				CLANG_WARN_CONSTANT_CONVERSION = YES;
				CLANG_WARN_DIRECT_OBJC_ISA_USAGE = YES_ERROR;
				CLANG_WARN_DOCUMENTATION_COMMENTS = YES;
				CLANG_WARN_EMPTY_BODY = YES;
				CLANG_WARN_ENUM_CONVERSION = YES;
				CLANG_WARN_INFINITE_RECURSION = YES;
				CLANG_WARN_INT_CONVERSION = YES;
				CLANG_WARN_OBJC_ROOT_CLASS = YES_ERROR;
				CLANG_WARN_SUSPICIOUS_MOVE = YES;
				CLANG_WARN_UNREACHABLE_CODE = YES;
				CLANG_WARN__DUPLICATE_METHOD_MATCH = YES;
				"CODE_SIGN_IDENTITY[sdk=iphoneos*]" = "iPhone Developer";
				COPY_PHASE_STRIP = NO;
				DEBUG_INFORMATION_FORMAT = "dwarf-with-dsym";
				ENABLE_NS_ASSERTIONS = NO;
				ENABLE_STRICT_OBJC_MSGSEND = YES;
				GCC_C_LANGUAGE_STANDARD = gnu99;
				GCC_NO_COMMON_BLOCKS = YES;
				GCC_WARN_64_TO_32_BIT_CONVERSION = YES;
				GCC_WARN_ABOUT_RETURN_TYPE = YES_ERROR;
				GCC_WARN_UNDECLARED_SELECTOR = YES;
				GCC_WARN_UNINITIALIZED_AUTOS = YES_AGGRESSIVE;
				GCC_WARN_UNUSED_FUNCTION = YES;
				GCC_WARN_UNUSED_VARIABLE = YES;
				IPHONEOS_DEPLOYMENT_TARGET = 10.3;
				MTL_ENABLE_DEBUG_INFO = NO;
				SDKROOT = iphoneos;
				SWIFT_OPTIMIZATION_LEVEL = "-Owholemodule";
				VALIDATE_PRODUCT = YES;
			};
			name = Release;
		};
		9F24AE421EBA7D3A00841BCB /* Debug */ = {
			isa = XCBuildConfiguration;
			baseConfigurationReference = B9235B9A658A8ABD74A66866 /* Pods-MyMonero.debug.xcconfig */;
			buildSettings = {
				ASSETCATALOG_COMPILER_APPICON_NAME = AppIcon;
				INFOPLIST_FILE = Modules/App/Resources/Info.plist;
				LD_RUNPATH_SEARCH_PATHS = "$(inherited) @executable_path/Frameworks";
				PRODUCT_BUNDLE_IDENTIFIER = com.mymonero.mymoneromobile;
				PRODUCT_NAME = "$(TARGET_NAME)";
				SWIFT_VERSION = 3.0;
			};
			name = Debug;
		};
		9F24AE431EBA7D3A00841BCB /* Release */ = {
			isa = XCBuildConfiguration;
			baseConfigurationReference = 78858D4A99C81FB2BE0B0552 /* Pods-MyMonero.release.xcconfig */;
			buildSettings = {
				ASSETCATALOG_COMPILER_APPICON_NAME = AppIcon;
				INFOPLIST_FILE = Modules/App/Resources/Info.plist;
				LD_RUNPATH_SEARCH_PATHS = "$(inherited) @executable_path/Frameworks";
				PRODUCT_BUNDLE_IDENTIFIER = com.mymonero.mymoneromobile;
				PRODUCT_NAME = "$(TARGET_NAME)";
				SWIFT_VERSION = 3.0;
			};
			name = Release;
		};
/* End XCBuildConfiguration section */

/* Begin XCConfigurationList section */
		9F24AE141EBA7D3A00841BCB /* Build configuration list for PBXProject "MyMonero" */ = {
			isa = XCConfigurationList;
			buildConfigurations = (
				9F24AE3F1EBA7D3A00841BCB /* Debug */,
				9F24AE401EBA7D3A00841BCB /* Release */,
			);
			defaultConfigurationIsVisible = 0;
			defaultConfigurationName = Release;
		};
		9F24AE411EBA7D3A00841BCB /* Build configuration list for PBXNativeTarget "MyMonero" */ = {
			isa = XCConfigurationList;
			buildConfigurations = (
				9F24AE421EBA7D3A00841BCB /* Debug */,
				9F24AE431EBA7D3A00841BCB /* Release */,
			);
			defaultConfigurationIsVisible = 0;
			defaultConfigurationName = Release;
		};
/* End XCConfigurationList section */
	};
	rootObject = 9F24AE111EBA7D3A00841BCB /* Project object */;
}
