// !$*UTF8*$!
{
	archiveVersion = 1;
	classes = {
	};
	objectVersion = 46;
	objects = {

/* Begin PBXBuildFile section */
		6FCFC3C000CEEB8A1E23DB8F /* Pods_MyMonero.framework in Frameworks */ = {isa = PBXBuildFile; fileRef = 23FFD28B95E856EC54635727 /* Pods_MyMonero.framework */; };
		9F00B8E01EC276C30040F52A /* MoneroOpenAlias.swift in Sources */ = {isa = PBXBuildFile; fileRef = 9F00B8D91EC276C30040F52A /* MoneroOpenAlias.swift */; };
		9F00B8E11EC276C30040F52A /* MoneroRequestURIs.swift in Sources */ = {isa = PBXBuildFile; fileRef = 9F00B8DA1EC276C30040F52A /* MoneroRequestURIs.swift */; };
		9F00B8E21EC276C30040F52A /* MoneroTransactions.swift in Sources */ = {isa = PBXBuildFile; fileRef = 9F00B8DB1EC276C30040F52A /* MoneroTransactions.swift */; };
		9F00B8E31EC276C30040F52A /* MyMoneroCore.swift in Sources */ = {isa = PBXBuildFile; fileRef = 9F00B8DC1EC276C30040F52A /* MyMoneroCore.swift */; };
		9F00B8E41EC276C30040F52A /* MyMoneroJSCore.swift in Sources */ = {isa = PBXBuildFile; fileRef = 9F00B8DD1EC276C30040F52A /* MyMoneroJSCore.swift */; };
		9F1B57471ED4E92D00410675 /* MoneroMnemonics.swift in Sources */ = {isa = PBXBuildFile; fileRef = 9F1B57461ED4E92D00410675 /* MoneroMnemonics.swift */; };
		9F1B57491ED8F78D00410675 /* Wallet_HostPollingController.swift in Sources */ = {isa = PBXBuildFile; fileRef = 9F1B57481ED8F78D00410675 /* Wallet_HostPollingController.swift */; };
		9F1C4B981EC241D4004473CE /* mymonero-js-core-ios-build.js in Resources */ = {isa = PBXBuildFile; fileRef = 9F1C4B971EC241D4004473CE /* mymonero-js-core-ios-build.js */; };
		9F1D001C1EE301C100A4B3A5 /* RootTabBarViewController.swift in Sources */ = {isa = PBXBuildFile; fileRef = 9F1D001B1EE301C100A4B3A5 /* RootTabBarViewController.swift */; };
		9F1D002E1EE345DF00A4B3A5 /* Forms.swift in Sources */ = {isa = PBXBuildFile; fileRef = 9F1D002D1EE345DF00A4B3A5 /* Forms.swift */; };
		9F1D00301EE345E500A4B3A5 /* Tables.swift in Sources */ = {isa = PBXBuildFile; fileRef = 9F1D002F1EE345E500A4B3A5 /* Tables.swift */; };
		9F1D00321EE3466300A4B3A5 /* LinkButtonView.swift in Sources */ = {isa = PBXBuildFile; fileRef = 9F1D00311EE3466300A4B3A5 /* LinkButtonView.swift */; };
		9F1D00341EE349CB00A4B3A5 /* NavigationBarButtons.swift in Sources */ = {isa = PBXBuildFile; fileRef = 9F1D00331EE349CB00A4B3A5 /* NavigationBarButtons.swift */; };
		9F2BFE601EEE2EE1006B2F7D /* WalletsListViewCell.swift in Sources */ = {isa = PBXBuildFile; fileRef = 9F2BFE5F1EEE2EE1006B2F7D /* WalletsListViewCell.swift */; };
		9F2BFE621EEE2EEB006B2F7D /* WalletCellContentView.swift in Sources */ = {isa = PBXBuildFile; fileRef = 9F2BFE611EEE2EEA006B2F7D /* WalletCellContentView.swift */; };
		9F2BFE721EEED95E006B2F7D /* WalletIcons.swift in Sources */ = {isa = PBXBuildFile; fileRef = 9F2BFE711EEED95E006B2F7D /* WalletIcons.swift */; };
		9F2BFE741EEEDEE3006B2F7D /* HighlightableCells.swift in Sources */ = {isa = PBXBuildFile; fileRef = 9F2BFE731EEEDEE3006B2F7D /* HighlightableCells.swift */; };
		9F2BFE811EF08ABA006B2F7D /* highlightableCellBG_highlighted@3x.png in Resources */ = {isa = PBXBuildFile; fileRef = 9F2BFE751EF08ABA006B2F7D /* highlightableCellBG_highlighted@3x.png */; };
		9F2BFE821EF08ABA006B2F7D /* highlightableCellBG@3x.png in Resources */ = {isa = PBXBuildFile; fileRef = 9F2BFE761EF08ABA006B2F7D /* highlightableCellBG@3x.png */; };
		9F2BFE841EF08ABA006B2F7D /* pushButtonBG_action_highlighted@3x.png in Resources */ = {isa = PBXBuildFile; fileRef = 9F2BFE781EF08ABA006B2F7D /* pushButtonBG_action_highlighted@3x.png */; };
		9F2BFE851EF08ABA006B2F7D /* pushButtonBG_action@3x.png in Resources */ = {isa = PBXBuildFile; fileRef = 9F2BFE791EF08ABA006B2F7D /* pushButtonBG_action@3x.png */; };
		9F2BFE861EF08ABA006B2F7D /* pushButtonBG_destructive_highlighted@3x.png in Resources */ = {isa = PBXBuildFile; fileRef = 9F2BFE7A1EF08ABA006B2F7D /* pushButtonBG_destructive_highlighted@3x.png */; };
		9F2BFE871EF08ABA006B2F7D /* pushButtonBG_destructive@3x.png in Resources */ = {isa = PBXBuildFile; fileRef = 9F2BFE7B1EF08ABA006B2F7D /* pushButtonBG_destructive@3x.png */; };
		9F2BFE881EF08ABA006B2F7D /* pushButtonBG_disabled@3x.png in Resources */ = {isa = PBXBuildFile; fileRef = 9F2BFE7C1EF08ABA006B2F7D /* pushButtonBG_disabled@3x.png */; };
		9F2BFE891EF08ABA006B2F7D /* pushButtonBG_utility_highlighted@3x.png in Resources */ = {isa = PBXBuildFile; fileRef = 9F2BFE7D1EF08ABA006B2F7D /* pushButtonBG_utility_highlighted@3x.png */; };
		9F2BFE8A1EF08ABA006B2F7D /* pushButtonBG_utility@3x.png in Resources */ = {isa = PBXBuildFile; fileRef = 9F2BFE7E1EF08ABA006B2F7D /* pushButtonBG_utility@3x.png */; };
		9F2BFE8B1EF08ABA006B2F7D /* textField_bg_error_xStretchable@3x.png in Resources */ = {isa = PBXBuildFile; fileRef = 9F2BFE7F1EF08ABA006B2F7D /* textField_bg_error_xStretchable@3x.png */; };
		9F2BFE8C1EF08ABA006B2F7D /* textField_bg_noErr_xStretchable@3x.png in Resources */ = {isa = PBXBuildFile; fileRef = 9F2BFE801EF08ABA006B2F7D /* textField_bg_noErr_xStretchable@3x.png */; };
		9F2BFEC81EF0A4FF006B2F7D /* Assets.xcassets in Resources */ = {isa = PBXBuildFile; fileRef = 9F2BFEC71EF0A4FF006B2F7D /* Assets.xcassets */; };
		9F2BFECA1EF0AA15006B2F7D /* WalletsListEmptyView.swift in Sources */ = {isa = PBXBuildFile; fileRef = 9F2BFEC91EF0AA15006B2F7D /* WalletsListEmptyView.swift */; };
		9F30470D1EC657CB00190268 /* MoneroAmounts.swift in Sources */ = {isa = PBXBuildFile; fileRef = 9F30470C1EC657CB00190268 /* MoneroAmounts.swift */; };
		9F4668811EC664CC0075F9CD /* MoneroPaymentIDs.swift in Sources */ = {isa = PBXBuildFile; fileRef = 9F4668801EC664CC0075F9CD /* MoneroPaymentIDs.swift */; };
		9F7ADAF91EBD2C1C0073C2BB /* AppDelegate.swift in Sources */ = {isa = PBXBuildFile; fileRef = 9F7ADAF41EBD2C1C0073C2BB /* AppDelegate.swift */; };
		9F7ADAFA1EBD2C1C0073C2BB /* RootViewController.swift in Sources */ = {isa = PBXBuildFile; fileRef = 9F7ADAF51EBD2C1C0073C2BB /* RootViewController.swift */; };
		9F7ADAFE1EBD2CAF0073C2BB /* LaunchScreen.storyboard in Resources */ = {isa = PBXBuildFile; fileRef = 9F7ADAFD1EBD2CAF0073C2BB /* LaunchScreen.storyboard */; };
		9F7ADB021EBD30330073C2BB /* AppRuntimeController.swift in Sources */ = {isa = PBXBuildFile; fileRef = 9F7ADB011EBD30330073C2BB /* AppRuntimeController.swift */; };
		9F7ADB041EBD30710073C2BB /* WindowController.swift in Sources */ = {isa = PBXBuildFile; fileRef = 9F7ADB031EBD30710073C2BB /* WindowController.swift */; };
		9F7E51711EC6156C001EAB3F /* HostedMoneroAPIClient.swift in Sources */ = {isa = PBXBuildFile; fileRef = 9F7E516E1EC6156C001EAB3F /* HostedMoneroAPIClient.swift */; };
		9F7E51721EC6156C001EAB3F /* HostedMonero_OpenAliasResolving.swift in Sources */ = {isa = PBXBuildFile; fileRef = 9F7E516F1EC6156C001EAB3F /* HostedMonero_OpenAliasResolving.swift */; };
		9F7E51731EC6156C001EAB3F /* HostedMonero_SendingFunds.swift in Sources */ = {isa = PBXBuildFile; fileRef = 9F7E51701EC6156C001EAB3F /* HostedMonero_SendingFunds.swift */; };
		9F8E2F561EE4908F00F89A1D /* UIColor+Random.swift in Sources */ = {isa = PBXBuildFile; fileRef = 9F8E2F551EE4908F00F89A1D /* UIColor+Random.swift */; };
		9F8E2F581EE4909900F89A1D /* UIView+Debug.swift in Sources */ = {isa = PBXBuildFile; fileRef = 9F8E2F571EE4909900F89A1D /* UIView+Debug.swift */; };
		9F8E2F5E1EE4B3FB00F89A1D /* Native-Bold.otf in Resources */ = {isa = PBXBuildFile; fileRef = 9F8E2F5B1EE4B3FB00F89A1D /* Native-Bold.otf */; };
		9F8E2F5F1EE4B3FB00F89A1D /* Native-Light.otf in Resources */ = {isa = PBXBuildFile; fileRef = 9F8E2F5C1EE4B3FB00F89A1D /* Native-Light.otf */; };
		9F8E2F601EE4B3FB00F89A1D /* Native-Regular.otf in Resources */ = {isa = PBXBuildFile; fileRef = 9F8E2F5D1EE4B3FB00F89A1D /* Native-Regular.otf */; };
		9F8E2F811EE87FD600F89A1D /* ListViewController.swift in Sources */ = {isa = PBXBuildFile; fileRef = 9F8E2F801EE87FD600F89A1D /* ListViewController.swift */; };
		9F8E2F831EE87FDF00F89A1D /* WalletsListViewController.swift in Sources */ = {isa = PBXBuildFile; fileRef = 9F8E2F821EE87FDF00F89A1D /* WalletsListViewController.swift */; };
		9F8E2F851EE87FFC00F89A1D /* WalletsTabNavigationViewController.swift in Sources */ = {isa = PBXBuildFile; fileRef = 9F8E2F841EE87FFC00F89A1D /* WalletsTabNavigationViewController.swift */; };
		9F8E2F8F1EE880F700F89A1D /* ContactsTabNavigationViewController.swift in Sources */ = {isa = PBXBuildFile; fileRef = 9F8E2F8E1EE880F700F89A1D /* ContactsTabNavigationViewController.swift */; };
		9F8E2F911EE8810300F89A1D /* FundsRequestsTabNavigationViewController.swift in Sources */ = {isa = PBXBuildFile; fileRef = 9F8E2F901EE8810300F89A1D /* FundsRequestsTabNavigationViewController.swift */; };
		9F8E2F951EE8811A00F89A1D /* SettingsTabNavigationViewController.swift in Sources */ = {isa = PBXBuildFile; fileRef = 9F8E2F941EE8811A00F89A1D /* SettingsTabNavigationViewController.swift */; };
		9F8E2F991EE8837300F89A1D /* icon_tabBar_wallets@3x.png in Resources */ = {isa = PBXBuildFile; fileRef = 9F8E2F971EE8837300F89A1D /* icon_tabBar_wallets@3x.png */; };
		9F8E2F9A1EE8837300F89A1D /* icon_tabBar_wallets__active@3x.png in Resources */ = {isa = PBXBuildFile; fileRef = 9F8E2F981EE8837300F89A1D /* icon_tabBar_wallets__active@3x.png */; };
		9F8E2F9F1EE883B100F89A1D /* ThemeController.swift in Sources */ = {isa = PBXBuildFile; fileRef = 9F8E2F9C1EE883B100F89A1D /* ThemeController.swift */; };
		9F8E2FA01EE883B100F89A1D /* UIColor+Hex.swift in Sources */ = {isa = PBXBuildFile; fileRef = 9F8E2F9E1EE883B100F89A1D /* UIColor+Hex.swift */; };
		9F8E2FA31EE883E800F89A1D /* textField_bg_error_xStretchable@3x.png in Resources */ = {isa = PBXBuildFile; fileRef = 9F8E2FA11EE883E800F89A1D /* textField_bg_error_xStretchable@3x.png */; };
		9F8E2FA41EE883E800F89A1D /* textField_bg_noErr_xStretchable@3x.png in Resources */ = {isa = PBXBuildFile; fileRef = 9F8E2FA21EE883E800F89A1D /* textField_bg_noErr_xStretchable@3x.png */; };
		9F8E2FE01EE8A76200F89A1D /* tabBarBGColorImage@3x.png in Resources */ = {isa = PBXBuildFile; fileRef = 9F8E2FDF1EE8A76200F89A1D /* tabBarBGColorImage@3x.png */; };
		9F8E2FEA1EE978B700F89A1D /* SendFundsTabNavigationViewController.swift in Sources */ = {isa = PBXBuildFile; fileRef = 9F8E2FE31EE978B700F89A1D /* SendFundsTabNavigationViewController.swift */; };
		9F8E2FEB1EE978B700F89A1D /* actionButton_iconImage__chooseFile@3x.png in Resources */ = {isa = PBXBuildFile; fileRef = 9F8E2FE51EE978B700F89A1D /* actionButton_iconImage__chooseFile@3x.png */; };
		9F8E2FEC1EE978B700F89A1D /* actionButton_iconImage__useCamera@3x.png in Resources */ = {isa = PBXBuildFile; fileRef = 9F8E2FE61EE978B700F89A1D /* actionButton_iconImage__useCamera@3x.png */; };
		9F8E2FED1EE978B700F89A1D /* icon_tabBar_sendFunds@3x.png in Resources */ = {isa = PBXBuildFile; fileRef = 9F8E2FE71EE978B700F89A1D /* icon_tabBar_sendFunds@3x.png */; };
		9F8E2FEE1EE978B700F89A1D /* icon_tabBar_sendFunds__active@3x.png in Resources */ = {isa = PBXBuildFile; fileRef = 9F8E2FE81EE978B700F89A1D /* icon_tabBar_sendFunds__active@3x.png */; };
		9F8E2FEF1EE978B700F89A1D /* qrDropzoneIcon@3x.png in Resources */ = {isa = PBXBuildFile; fileRef = 9F8E2FE91EE978B700F89A1D /* qrDropzoneIcon@3x.png */; };
		9F8E2FF31EE978DF00F89A1D /* icon_tabBar_settings@3x.png in Resources */ = {isa = PBXBuildFile; fileRef = 9F8E2FF11EE978DF00F89A1D /* icon_tabBar_settings@3x.png */; };
		9F8E2FF41EE978DF00F89A1D /* icon_tabBar_settings__active@3x.png in Resources */ = {isa = PBXBuildFile; fileRef = 9F8E2FF21EE978DF00F89A1D /* icon_tabBar_settings__active@3x.png */; };
		9F8E2FFA1EE978E800F89A1D /* actionButton_iconImage__request@3x.png in Resources */ = {isa = PBXBuildFile; fileRef = 9F8E2FF61EE978E800F89A1D /* actionButton_iconImage__request@3x.png */; };
		9F8E2FFB1EE978E800F89A1D /* actionButton_iconImage__send@3x.png in Resources */ = {isa = PBXBuildFile; fileRef = 9F8E2FF71EE978E800F89A1D /* actionButton_iconImage__send@3x.png */; };
		9F8E2FFC1EE978E800F89A1D /* icon_tabBar_contacts@3x.png in Resources */ = {isa = PBXBuildFile; fileRef = 9F8E2FF81EE978E800F89A1D /* icon_tabBar_contacts@3x.png */; };
		9F8E2FFD1EE978E800F89A1D /* icon_tabBar_contacts__active@3x.png in Resources */ = {isa = PBXBuildFile; fileRef = 9F8E2FF91EE978E800F89A1D /* icon_tabBar_contacts__active@3x.png */; };
		9F8E30011EE978EF00F89A1D /* icon_tabBar_fundsRequests@3x.png in Resources */ = {isa = PBXBuildFile; fileRef = 9F8E2FFF1EE978EF00F89A1D /* icon_tabBar_fundsRequests@3x.png */; };
		9F8E30021EE978EF00F89A1D /* icon_tabBar_fundsRequests__active@3x.png in Resources */ = {isa = PBXBuildFile; fileRef = 9F8E30001EE978EF00F89A1D /* icon_tabBar_fundsRequests__active@3x.png */; };
		9F8E30041EEAF38600F89A1D /* Logging.swift in Sources */ = {isa = PBXBuildFile; fileRef = 9F8E30031EEAF38600F89A1D /* Logging.swift */; };
		9F8E30141EED6F2600F89A1D /* PushButton.swift in Sources */ = {isa = PBXBuildFile; fileRef = 9F8E30131EED6F2600F89A1D /* PushButton.swift */; };
		9F8E30161EED6FC200F89A1D /* ActionButtons.swift in Sources */ = {isa = PBXBuildFile; fileRef = 9F8E30151EED6FC200F89A1D /* ActionButtons.swift */; };
		9F8E30181EED6FD100F89A1D /* EmptyScreens.swift in Sources */ = {isa = PBXBuildFile; fileRef = 9F8E30171EED6FD100F89A1D /* EmptyScreens.swift */; };
		9F8E301A1EED6FFF00F89A1D /* UICommonComponents.swift in Sources */ = {isa = PBXBuildFile; fileRef = 9F8E30191EED6FFF00F89A1D /* UICommonComponents.swift */; };
		9F8E30261EED7D7800F89A1D /* PasswordController.swift in Sources */ = {isa = PBXBuildFile; fileRef = 9F8E301F1EED7D7800F89A1D /* PasswordController.swift */; };
		9F8E30271EED7D7800F89A1D /* EnterExistingPasswordViewController.swift in Sources */ = {isa = PBXBuildFile; fileRef = 9F8E30211EED7D7800F89A1D /* EnterExistingPasswordViewController.swift */; };
		9F8E30281EED7D7800F89A1D /* EnterNewPasswordViewController.swift in Sources */ = {isa = PBXBuildFile; fileRef = 9F8E30221EED7D7800F89A1D /* EnterNewPasswordViewController.swift */; };
		9F8E30291EED7D7800F89A1D /* ForgotPasswordViewController.swift in Sources */ = {isa = PBXBuildFile; fileRef = 9F8E30231EED7D7800F89A1D /* ForgotPasswordViewController.swift */; };
		9F8E302A1EED7D7800F89A1D /* PasswordEntryNavigationViewController.swift in Sources */ = {isa = PBXBuildFile; fileRef = 9F8E30241EED7D7800F89A1D /* PasswordEntryNavigationViewController.swift */; };
		9F8E302B1EED7D7800F89A1D /* PasswordEntryScreenBaseViewController.swift in Sources */ = {isa = PBXBuildFile; fileRef = 9F8E30251EED7D7800F89A1D /* PasswordEntryScreenBaseViewController.swift */; };
		9F8E303A1EEDAB9400F89A1D /* addButtonIcon_10@3x.png in Resources */ = {isa = PBXBuildFile; fileRef = 9F8E302C1EEDAB9400F89A1D /* addButtonIcon_10@3x.png */; };
		9F8E303B1EEDAB9400F89A1D /* backButtonIcon@3x.png in Resources */ = {isa = PBXBuildFile; fileRef = 9F8E302D1EEDAB9400F89A1D /* backButtonIcon@3x.png */; };
		9F8E303C1EEDAB9400F89A1D /* contactPicker_xBtnIcn@3x.png in Resources */ = {isa = PBXBuildFile; fileRef = 9F8E302E1EEDAB9400F89A1D /* contactPicker_xBtnIcn@3x.png */; };
		9F8E303D1EEDAB9400F89A1D /* detectedCheckmark@3x.png in Resources */ = {isa = PBXBuildFile; fileRef = 9F8E302F1EEDAB9400F89A1D /* detectedCheckmark@3x.png */; };
		9F8E303E1EEDAB9400F89A1D /* inlineMessageDialog_closeBtn@3x.png in Resources */ = {isa = PBXBuildFile; fileRef = 9F8E30301EEDAB9400F89A1D /* inlineMessageDialog_closeBtn@3x.png */; };
		9F8E303F1EEDAB9400F89A1D /* list_rightside_chevron@3x.png in Resources */ = {isa = PBXBuildFile; fileRef = 9F8E30311EEDAB9400F89A1D /* list_rightside_chevron@3x.png */; };
		9F8E30401EEDAB9400F89A1D /* wallet-00C6FF@3x.png in Resources */ = {isa = PBXBuildFile; fileRef = 9F8E30321EEDAB9400F89A1D /* wallet-00C6FF@3x.png */; };
		9F8E30411EEDAB9400F89A1D /* wallet-00F4CD@3x.png in Resources */ = {isa = PBXBuildFile; fileRef = 9F8E30331EEDAB9400F89A1D /* wallet-00F4CD@3x.png */; };
		9F8E30421EEDAB9400F89A1D /* wallet-6B696B@3x.png in Resources */ = {isa = PBXBuildFile; fileRef = 9F8E30341EEDAB9400F89A1D /* wallet-6B696B@3x.png */; };
		9F8E30431EEDAB9400F89A1D /* wallet-CFCECF@3x.png in Resources */ = {isa = PBXBuildFile; fileRef = 9F8E30351EEDAB9400F89A1D /* wallet-CFCECF@3x.png */; };
		9F8E30441EEDAB9400F89A1D /* wallet-D975E1@3x.png in Resources */ = {isa = PBXBuildFile; fileRef = 9F8E30361EEDAB9400F89A1D /* wallet-D975E1@3x.png */; };
		9F8E30451EEDAB9400F89A1D /* wallet-EACF12@3x.png in Resources */ = {isa = PBXBuildFile; fileRef = 9F8E30371EEDAB9400F89A1D /* wallet-EACF12@3x.png */; };
		9F8E30461EEDAB9400F89A1D /* wallet-EB8316@3x.png in Resources */ = {isa = PBXBuildFile; fileRef = 9F8E30381EEDAB9400F89A1D /* wallet-EB8316@3x.png */; };
		9F8E30471EEDAB9400F89A1D /* wallet-F97777@3x.png in Resources */ = {isa = PBXBuildFile; fileRef = 9F8E30391EEDAB9400F89A1D /* wallet-F97777@3x.png */; };
		9FC366E51ECFA0E0006CE743 /* Wallet.swift in Sources */ = {isa = PBXBuildFile; fileRef = 9FC366E41ECFA0E0006CE743 /* Wallet.swift */; };
		9FC366E91ECFA0F7006CE743 /* WalletsListController.swift in Sources */ = {isa = PBXBuildFile; fileRef = 9FC366E81ECFA0F7006CE743 /* WalletsListController.swift */; };
		9FEC04F31ECFD8C4009256BD /* PersistedObjectListController.swift in Sources */ = {isa = PBXBuildFile; fileRef = 9FEC04EE1ECFD8C4009256BD /* PersistedObjectListController.swift */; };
		9FEC04F91ECFD94B009256BD /* PersistableObject.swift in Sources */ = {isa = PBXBuildFile; fileRef = 9FEC04F81ECFD94B009256BD /* PersistableObject.swift */; };
		9FEC04FB1ECFE23E009256BD /* DocumentPersister.swift in Sources */ = {isa = PBXBuildFile; fileRef = 9FEC04FA1ECFE23E009256BD /* DocumentPersister.swift */; };
		9FEC04FD1ECFE249009256BD /* DocumentCryptor.swift in Sources */ = {isa = PBXBuildFile; fileRef = 9FEC04FC1ECFE249009256BD /* DocumentCryptor.swift */; };
/* End PBXBuildFile section */

/* Begin PBXFileReference section */
		23FFD28B95E856EC54635727 /* Pods_MyMonero.framework */ = {isa = PBXFileReference; explicitFileType = wrapper.framework; includeInIndex = 0; path = Pods_MyMonero.framework; sourceTree = BUILT_PRODUCTS_DIR; };
		78858D4A99C81FB2BE0B0552 /* Pods-MyMonero.release.xcconfig */ = {isa = PBXFileReference; includeInIndex = 1; lastKnownFileType = text.xcconfig; name = "Pods-MyMonero.release.xcconfig"; path = "Pods/Target Support Files/Pods-MyMonero/Pods-MyMonero.release.xcconfig"; sourceTree = "<group>"; };
		9F00B8D91EC276C30040F52A /* MoneroOpenAlias.swift */ = {isa = PBXFileReference; fileEncoding = 4; lastKnownFileType = sourcecode.swift; path = MoneroOpenAlias.swift; sourceTree = "<group>"; };
		9F00B8DA1EC276C30040F52A /* MoneroRequestURIs.swift */ = {isa = PBXFileReference; fileEncoding = 4; lastKnownFileType = sourcecode.swift; path = MoneroRequestURIs.swift; sourceTree = "<group>"; };
		9F00B8DB1EC276C30040F52A /* MoneroTransactions.swift */ = {isa = PBXFileReference; fileEncoding = 4; lastKnownFileType = sourcecode.swift; path = MoneroTransactions.swift; sourceTree = "<group>"; };
		9F00B8DC1EC276C30040F52A /* MyMoneroCore.swift */ = {isa = PBXFileReference; fileEncoding = 4; lastKnownFileType = sourcecode.swift; path = MyMoneroCore.swift; sourceTree = "<group>"; };
		9F00B8DD1EC276C30040F52A /* MyMoneroJSCore.swift */ = {isa = PBXFileReference; fileEncoding = 4; lastKnownFileType = sourcecode.swift; path = MyMoneroJSCore.swift; sourceTree = "<group>"; };
		9F1B57461ED4E92D00410675 /* MoneroMnemonics.swift */ = {isa = PBXFileReference; fileEncoding = 4; lastKnownFileType = sourcecode.swift; path = MoneroMnemonics.swift; sourceTree = "<group>"; };
		9F1B57481ED8F78D00410675 /* Wallet_HostPollingController.swift */ = {isa = PBXFileReference; fileEncoding = 4; lastKnownFileType = sourcecode.swift; path = Wallet_HostPollingController.swift; sourceTree = "<group>"; };
		9F1C4B971EC241D4004473CE /* mymonero-js-core-ios-build.js */ = {isa = PBXFileReference; fileEncoding = 4; lastKnownFileType = sourcecode.javascript; name = "mymonero-js-core-ios-build.js"; path = "Modules/MyMoneroCore/build/mymonero-js-core-ios-build.js"; sourceTree = SOURCE_ROOT; };
		9F1D001B1EE301C100A4B3A5 /* RootTabBarViewController.swift */ = {isa = PBXFileReference; fileEncoding = 4; lastKnownFileType = sourcecode.swift; path = RootTabBarViewController.swift; sourceTree = "<group>"; };
		9F1D002D1EE345DF00A4B3A5 /* Forms.swift */ = {isa = PBXFileReference; fileEncoding = 4; lastKnownFileType = sourcecode.swift; path = Forms.swift; sourceTree = "<group>"; };
		9F1D002F1EE345E500A4B3A5 /* Tables.swift */ = {isa = PBXFileReference; fileEncoding = 4; lastKnownFileType = sourcecode.swift; path = Tables.swift; sourceTree = "<group>"; };
		9F1D00311EE3466300A4B3A5 /* LinkButtonView.swift */ = {isa = PBXFileReference; fileEncoding = 4; lastKnownFileType = sourcecode.swift; path = LinkButtonView.swift; sourceTree = "<group>"; };
		9F1D00331EE349CB00A4B3A5 /* NavigationBarButtons.swift */ = {isa = PBXFileReference; fileEncoding = 4; lastKnownFileType = sourcecode.swift; path = NavigationBarButtons.swift; sourceTree = "<group>"; };
		9F24AE191EBA7D3A00841BCB /* MyMonero.app */ = {isa = PBXFileReference; explicitFileType = wrapper.application; includeInIndex = 0; path = MyMonero.app; sourceTree = BUILT_PRODUCTS_DIR; };
		9F2BFE5F1EEE2EE1006B2F7D /* WalletsListViewCell.swift */ = {isa = PBXFileReference; fileEncoding = 4; lastKnownFileType = sourcecode.swift; path = WalletsListViewCell.swift; sourceTree = "<group>"; };
		9F2BFE611EEE2EEA006B2F7D /* WalletCellContentView.swift */ = {isa = PBXFileReference; fileEncoding = 4; lastKnownFileType = sourcecode.swift; path = WalletCellContentView.swift; sourceTree = "<group>"; };
		9F2BFE711EEED95E006B2F7D /* WalletIcons.swift */ = {isa = PBXFileReference; fileEncoding = 4; lastKnownFileType = sourcecode.swift; path = WalletIcons.swift; sourceTree = "<group>"; };
		9F2BFE731EEEDEE3006B2F7D /* HighlightableCells.swift */ = {isa = PBXFileReference; fileEncoding = 4; lastKnownFileType = sourcecode.swift; path = HighlightableCells.swift; sourceTree = "<group>"; };
		9F2BFE751EF08ABA006B2F7D /* highlightableCellBG_highlighted@3x.png */ = {isa = PBXFileReference; lastKnownFileType = image.png; path = "highlightableCellBG_highlighted@3x.png"; sourceTree = "<group>"; };
		9F2BFE761EF08ABA006B2F7D /* highlightableCellBG@3x.png */ = {isa = PBXFileReference; lastKnownFileType = image.png; path = "highlightableCellBG@3x.png"; sourceTree = "<group>"; };
		9F2BFE781EF08ABA006B2F7D /* pushButtonBG_action_highlighted@3x.png */ = {isa = PBXFileReference; lastKnownFileType = image.png; path = "pushButtonBG_action_highlighted@3x.png"; sourceTree = "<group>"; };
		9F2BFE791EF08ABA006B2F7D /* pushButtonBG_action@3x.png */ = {isa = PBXFileReference; lastKnownFileType = image.png; path = "pushButtonBG_action@3x.png"; sourceTree = "<group>"; };
		9F2BFE7A1EF08ABA006B2F7D /* pushButtonBG_destructive_highlighted@3x.png */ = {isa = PBXFileReference; lastKnownFileType = image.png; path = "pushButtonBG_destructive_highlighted@3x.png"; sourceTree = "<group>"; };
		9F2BFE7B1EF08ABA006B2F7D /* pushButtonBG_destructive@3x.png */ = {isa = PBXFileReference; lastKnownFileType = image.png; path = "pushButtonBG_destructive@3x.png"; sourceTree = "<group>"; };
		9F2BFE7C1EF08ABA006B2F7D /* pushButtonBG_disabled@3x.png */ = {isa = PBXFileReference; lastKnownFileType = image.png; path = "pushButtonBG_disabled@3x.png"; sourceTree = "<group>"; };
		9F2BFE7D1EF08ABA006B2F7D /* pushButtonBG_utility_highlighted@3x.png */ = {isa = PBXFileReference; lastKnownFileType = image.png; path = "pushButtonBG_utility_highlighted@3x.png"; sourceTree = "<group>"; };
		9F2BFE7E1EF08ABA006B2F7D /* pushButtonBG_utility@3x.png */ = {isa = PBXFileReference; lastKnownFileType = image.png; path = "pushButtonBG_utility@3x.png"; sourceTree = "<group>"; };
		9F2BFE7F1EF08ABA006B2F7D /* textField_bg_error_xStretchable@3x.png */ = {isa = PBXFileReference; lastKnownFileType = image.png; path = "textField_bg_error_xStretchable@3x.png"; sourceTree = "<group>"; };
		9F2BFE801EF08ABA006B2F7D /* textField_bg_noErr_xStretchable@3x.png */ = {isa = PBXFileReference; lastKnownFileType = image.png; path = "textField_bg_noErr_xStretchable@3x.png"; sourceTree = "<group>"; };
		9F2BFEC71EF0A4FF006B2F7D /* Assets.xcassets */ = {isa = PBXFileReference; lastKnownFileType = folder.assetcatalog; path = Assets.xcassets; sourceTree = "<group>"; };
		9F2BFEC91EF0AA15006B2F7D /* WalletsListEmptyView.swift */ = {isa = PBXFileReference; fileEncoding = 4; lastKnownFileType = sourcecode.swift; path = WalletsListEmptyView.swift; sourceTree = "<group>"; };
		9F30470C1EC657CB00190268 /* MoneroAmounts.swift */ = {isa = PBXFileReference; fileEncoding = 4; lastKnownFileType = sourcecode.swift; path = MoneroAmounts.swift; sourceTree = "<group>"; };
		9F4668801EC664CC0075F9CD /* MoneroPaymentIDs.swift */ = {isa = PBXFileReference; fileEncoding = 4; lastKnownFileType = sourcecode.swift; path = MoneroPaymentIDs.swift; sourceTree = "<group>"; };
		9F7ADAF41EBD2C1C0073C2BB /* AppDelegate.swift */ = {isa = PBXFileReference; fileEncoding = 4; lastKnownFileType = sourcecode.swift; path = AppDelegate.swift; sourceTree = "<group>"; };
		9F7ADAF51EBD2C1C0073C2BB /* RootViewController.swift */ = {isa = PBXFileReference; fileEncoding = 4; lastKnownFileType = sourcecode.swift; path = RootViewController.swift; sourceTree = "<group>"; };
		9F7ADAF81EBD2C1C0073C2BB /* Info.plist */ = {isa = PBXFileReference; fileEncoding = 4; lastKnownFileType = text.plist.xml; path = Info.plist; sourceTree = "<group>"; };
		9F7ADAFD1EBD2CAF0073C2BB /* LaunchScreen.storyboard */ = {isa = PBXFileReference; fileEncoding = 4; lastKnownFileType = file.storyboard; path = LaunchScreen.storyboard; sourceTree = "<group>"; };
		9F7ADB011EBD30330073C2BB /* AppRuntimeController.swift */ = {isa = PBXFileReference; fileEncoding = 4; lastKnownFileType = sourcecode.swift; path = AppRuntimeController.swift; sourceTree = "<group>"; };
		9F7ADB031EBD30710073C2BB /* WindowController.swift */ = {isa = PBXFileReference; fileEncoding = 4; lastKnownFileType = sourcecode.swift; path = WindowController.swift; sourceTree = "<group>"; };
		9F7E516E1EC6156C001EAB3F /* HostedMoneroAPIClient.swift */ = {isa = PBXFileReference; fileEncoding = 4; lastKnownFileType = sourcecode.swift; path = HostedMoneroAPIClient.swift; sourceTree = "<group>"; };
		9F7E516F1EC6156C001EAB3F /* HostedMonero_OpenAliasResolving.swift */ = {isa = PBXFileReference; fileEncoding = 4; lastKnownFileType = sourcecode.swift; path = HostedMonero_OpenAliasResolving.swift; sourceTree = "<group>"; };
		9F7E51701EC6156C001EAB3F /* HostedMonero_SendingFunds.swift */ = {isa = PBXFileReference; fileEncoding = 4; lastKnownFileType = sourcecode.swift; path = HostedMonero_SendingFunds.swift; sourceTree = "<group>"; };
		9F8E2F551EE4908F00F89A1D /* UIColor+Random.swift */ = {isa = PBXFileReference; fileEncoding = 4; lastKnownFileType = sourcecode.swift; path = "UIColor+Random.swift"; sourceTree = "<group>"; };
		9F8E2F571EE4909900F89A1D /* UIView+Debug.swift */ = {isa = PBXFileReference; fileEncoding = 4; lastKnownFileType = sourcecode.swift; path = "UIView+Debug.swift"; sourceTree = "<group>"; };
		9F8E2F5B1EE4B3FB00F89A1D /* Native-Bold.otf */ = {isa = PBXFileReference; lastKnownFileType = file; path = "Native-Bold.otf"; sourceTree = "<group>"; };
		9F8E2F5C1EE4B3FB00F89A1D /* Native-Light.otf */ = {isa = PBXFileReference; lastKnownFileType = file; path = "Native-Light.otf"; sourceTree = "<group>"; };
		9F8E2F5D1EE4B3FB00F89A1D /* Native-Regular.otf */ = {isa = PBXFileReference; lastKnownFileType = file; path = "Native-Regular.otf"; sourceTree = "<group>"; };
		9F8E2F801EE87FD600F89A1D /* ListViewController.swift */ = {isa = PBXFileReference; fileEncoding = 4; lastKnownFileType = sourcecode.swift; path = ListViewController.swift; sourceTree = "<group>"; };
		9F8E2F821EE87FDF00F89A1D /* WalletsListViewController.swift */ = {isa = PBXFileReference; fileEncoding = 4; lastKnownFileType = sourcecode.swift; path = WalletsListViewController.swift; sourceTree = "<group>"; };
		9F8E2F841EE87FFC00F89A1D /* WalletsTabNavigationViewController.swift */ = {isa = PBXFileReference; fileEncoding = 4; lastKnownFileType = sourcecode.swift; path = WalletsTabNavigationViewController.swift; sourceTree = "<group>"; };
		9F8E2F8E1EE880F700F89A1D /* ContactsTabNavigationViewController.swift */ = {isa = PBXFileReference; fileEncoding = 4; lastKnownFileType = sourcecode.swift; path = ContactsTabNavigationViewController.swift; sourceTree = "<group>"; };
		9F8E2F901EE8810300F89A1D /* FundsRequestsTabNavigationViewController.swift */ = {isa = PBXFileReference; fileEncoding = 4; lastKnownFileType = sourcecode.swift; path = FundsRequestsTabNavigationViewController.swift; sourceTree = "<group>"; };
		9F8E2F941EE8811A00F89A1D /* SettingsTabNavigationViewController.swift */ = {isa = PBXFileReference; fileEncoding = 4; lastKnownFileType = sourcecode.swift; path = SettingsTabNavigationViewController.swift; sourceTree = "<group>"; };
		9F8E2F971EE8837300F89A1D /* icon_tabBar_wallets@3x.png */ = {isa = PBXFileReference; lastKnownFileType = image.png; path = "icon_tabBar_wallets@3x.png"; sourceTree = "<group>"; };
		9F8E2F981EE8837300F89A1D /* icon_tabBar_wallets__active@3x.png */ = {isa = PBXFileReference; lastKnownFileType = image.png; path = "icon_tabBar_wallets__active@3x.png"; sourceTree = "<group>"; };
		9F8E2F9C1EE883B100F89A1D /* ThemeController.swift */ = {isa = PBXFileReference; fileEncoding = 4; lastKnownFileType = sourcecode.swift; path = ThemeController.swift; sourceTree = "<group>"; };
		9F8E2F9E1EE883B100F89A1D /* UIColor+Hex.swift */ = {isa = PBXFileReference; fileEncoding = 4; lastKnownFileType = sourcecode.swift; path = "UIColor+Hex.swift"; sourceTree = "<group>"; };
		9F8E2FA11EE883E800F89A1D /* textField_bg_error_xStretchable@3x.png */ = {isa = PBXFileReference; lastKnownFileType = image.png; path = "textField_bg_error_xStretchable@3x.png"; sourceTree = "<group>"; };
		9F8E2FA21EE883E800F89A1D /* textField_bg_noErr_xStretchable@3x.png */ = {isa = PBXFileReference; lastKnownFileType = image.png; path = "textField_bg_noErr_xStretchable@3x.png"; sourceTree = "<group>"; };
		9F8E2FDF1EE8A76200F89A1D /* tabBarBGColorImage@3x.png */ = {isa = PBXFileReference; lastKnownFileType = image.png; path = "tabBarBGColorImage@3x.png"; sourceTree = "<group>"; };
		9F8E2FE31EE978B700F89A1D /* SendFundsTabNavigationViewController.swift */ = {isa = PBXFileReference; fileEncoding = 4; lastKnownFileType = sourcecode.swift; path = SendFundsTabNavigationViewController.swift; sourceTree = "<group>"; };
		9F8E2FE51EE978B700F89A1D /* actionButton_iconImage__chooseFile@3x.png */ = {isa = PBXFileReference; lastKnownFileType = image.png; path = "actionButton_iconImage__chooseFile@3x.png"; sourceTree = "<group>"; };
		9F8E2FE61EE978B700F89A1D /* actionButton_iconImage__useCamera@3x.png */ = {isa = PBXFileReference; lastKnownFileType = image.png; path = "actionButton_iconImage__useCamera@3x.png"; sourceTree = "<group>"; };
		9F8E2FE71EE978B700F89A1D /* icon_tabBar_sendFunds@3x.png */ = {isa = PBXFileReference; lastKnownFileType = image.png; path = "icon_tabBar_sendFunds@3x.png"; sourceTree = "<group>"; };
		9F8E2FE81EE978B700F89A1D /* icon_tabBar_sendFunds__active@3x.png */ = {isa = PBXFileReference; lastKnownFileType = image.png; path = "icon_tabBar_sendFunds__active@3x.png"; sourceTree = "<group>"; };
		9F8E2FE91EE978B700F89A1D /* qrDropzoneIcon@3x.png */ = {isa = PBXFileReference; lastKnownFileType = image.png; path = "qrDropzoneIcon@3x.png"; sourceTree = "<group>"; };
		9F8E2FF11EE978DF00F89A1D /* icon_tabBar_settings@3x.png */ = {isa = PBXFileReference; lastKnownFileType = image.png; path = "icon_tabBar_settings@3x.png"; sourceTree = "<group>"; };
		9F8E2FF21EE978DF00F89A1D /* icon_tabBar_settings__active@3x.png */ = {isa = PBXFileReference; lastKnownFileType = image.png; path = "icon_tabBar_settings__active@3x.png"; sourceTree = "<group>"; };
		9F8E2FF61EE978E800F89A1D /* actionButton_iconImage__request@3x.png */ = {isa = PBXFileReference; lastKnownFileType = image.png; path = "actionButton_iconImage__request@3x.png"; sourceTree = "<group>"; };
		9F8E2FF71EE978E800F89A1D /* actionButton_iconImage__send@3x.png */ = {isa = PBXFileReference; lastKnownFileType = image.png; path = "actionButton_iconImage__send@3x.png"; sourceTree = "<group>"; };
		9F8E2FF81EE978E800F89A1D /* icon_tabBar_contacts@3x.png */ = {isa = PBXFileReference; lastKnownFileType = image.png; path = "icon_tabBar_contacts@3x.png"; sourceTree = "<group>"; };
		9F8E2FF91EE978E800F89A1D /* icon_tabBar_contacts__active@3x.png */ = {isa = PBXFileReference; lastKnownFileType = image.png; path = "icon_tabBar_contacts__active@3x.png"; sourceTree = "<group>"; };
		9F8E2FFF1EE978EF00F89A1D /* icon_tabBar_fundsRequests@3x.png */ = {isa = PBXFileReference; lastKnownFileType = image.png; path = "icon_tabBar_fundsRequests@3x.png"; sourceTree = "<group>"; };
		9F8E30001EE978EF00F89A1D /* icon_tabBar_fundsRequests__active@3x.png */ = {isa = PBXFileReference; lastKnownFileType = image.png; path = "icon_tabBar_fundsRequests__active@3x.png"; sourceTree = "<group>"; };
		9F8E30031EEAF38600F89A1D /* Logging.swift */ = {isa = PBXFileReference; fileEncoding = 4; lastKnownFileType = sourcecode.swift; path = Logging.swift; sourceTree = "<group>"; };
		9F8E30131EED6F2600F89A1D /* PushButton.swift */ = {isa = PBXFileReference; fileEncoding = 4; lastKnownFileType = sourcecode.swift; path = PushButton.swift; sourceTree = "<group>"; };
		9F8E30151EED6FC200F89A1D /* ActionButtons.swift */ = {isa = PBXFileReference; fileEncoding = 4; lastKnownFileType = sourcecode.swift; path = ActionButtons.swift; sourceTree = "<group>"; };
		9F8E30171EED6FD100F89A1D /* EmptyScreens.swift */ = {isa = PBXFileReference; fileEncoding = 4; lastKnownFileType = sourcecode.swift; path = EmptyScreens.swift; sourceTree = "<group>"; };
		9F8E30191EED6FFF00F89A1D /* UICommonComponents.swift */ = {isa = PBXFileReference; fileEncoding = 4; lastKnownFileType = sourcecode.swift; path = UICommonComponents.swift; sourceTree = "<group>"; };
		9F8E301F1EED7D7800F89A1D /* PasswordController.swift */ = {isa = PBXFileReference; fileEncoding = 4; lastKnownFileType = sourcecode.swift; path = PasswordController.swift; sourceTree = "<group>"; };
		9F8E30211EED7D7800F89A1D /* EnterExistingPasswordViewController.swift */ = {isa = PBXFileReference; fileEncoding = 4; lastKnownFileType = sourcecode.swift; path = EnterExistingPasswordViewController.swift; sourceTree = "<group>"; };
		9F8E30221EED7D7800F89A1D /* EnterNewPasswordViewController.swift */ = {isa = PBXFileReference; fileEncoding = 4; lastKnownFileType = sourcecode.swift; path = EnterNewPasswordViewController.swift; sourceTree = "<group>"; };
		9F8E30231EED7D7800F89A1D /* ForgotPasswordViewController.swift */ = {isa = PBXFileReference; fileEncoding = 4; lastKnownFileType = sourcecode.swift; path = ForgotPasswordViewController.swift; sourceTree = "<group>"; };
		9F8E30241EED7D7800F89A1D /* PasswordEntryNavigationViewController.swift */ = {isa = PBXFileReference; fileEncoding = 4; lastKnownFileType = sourcecode.swift; path = PasswordEntryNavigationViewController.swift; sourceTree = "<group>"; };
		9F8E30251EED7D7800F89A1D /* PasswordEntryScreenBaseViewController.swift */ = {isa = PBXFileReference; fileEncoding = 4; lastKnownFileType = sourcecode.swift; path = PasswordEntryScreenBaseViewController.swift; sourceTree = "<group>"; };
		9F8E302C1EEDAB9400F89A1D /* addButtonIcon_10@3x.png */ = {isa = PBXFileReference; lastKnownFileType = image.png; path = "addButtonIcon_10@3x.png"; sourceTree = "<group>"; };
		9F8E302D1EEDAB9400F89A1D /* backButtonIcon@3x.png */ = {isa = PBXFileReference; lastKnownFileType = image.png; path = "backButtonIcon@3x.png"; sourceTree = "<group>"; };
		9F8E302E1EEDAB9400F89A1D /* contactPicker_xBtnIcn@3x.png */ = {isa = PBXFileReference; lastKnownFileType = image.png; path = "contactPicker_xBtnIcn@3x.png"; sourceTree = "<group>"; };
		9F8E302F1EEDAB9400F89A1D /* detectedCheckmark@3x.png */ = {isa = PBXFileReference; lastKnownFileType = image.png; path = "detectedCheckmark@3x.png"; sourceTree = "<group>"; };
		9F8E30301EEDAB9400F89A1D /* inlineMessageDialog_closeBtn@3x.png */ = {isa = PBXFileReference; lastKnownFileType = image.png; path = "inlineMessageDialog_closeBtn@3x.png"; sourceTree = "<group>"; };
		9F8E30311EEDAB9400F89A1D /* list_rightside_chevron@3x.png */ = {isa = PBXFileReference; lastKnownFileType = image.png; path = "list_rightside_chevron@3x.png"; sourceTree = "<group>"; };
		9F8E30321EEDAB9400F89A1D /* wallet-00C6FF@3x.png */ = {isa = PBXFileReference; lastKnownFileType = image.png; path = "wallet-00C6FF@3x.png"; sourceTree = "<group>"; };
		9F8E30331EEDAB9400F89A1D /* wallet-00F4CD@3x.png */ = {isa = PBXFileReference; lastKnownFileType = image.png; path = "wallet-00F4CD@3x.png"; sourceTree = "<group>"; };
		9F8E30341EEDAB9400F89A1D /* wallet-6B696B@3x.png */ = {isa = PBXFileReference; lastKnownFileType = image.png; path = "wallet-6B696B@3x.png"; sourceTree = "<group>"; };
		9F8E30351EEDAB9400F89A1D /* wallet-CFCECF@3x.png */ = {isa = PBXFileReference; lastKnownFileType = image.png; path = "wallet-CFCECF@3x.png"; sourceTree = "<group>"; };
		9F8E30361EEDAB9400F89A1D /* wallet-D975E1@3x.png */ = {isa = PBXFileReference; lastKnownFileType = image.png; path = "wallet-D975E1@3x.png"; sourceTree = "<group>"; };
		9F8E30371EEDAB9400F89A1D /* wallet-EACF12@3x.png */ = {isa = PBXFileReference; lastKnownFileType = image.png; path = "wallet-EACF12@3x.png"; sourceTree = "<group>"; };
		9F8E30381EEDAB9400F89A1D /* wallet-EB8316@3x.png */ = {isa = PBXFileReference; lastKnownFileType = image.png; path = "wallet-EB8316@3x.png"; sourceTree = "<group>"; };
		9F8E30391EEDAB9400F89A1D /* wallet-F97777@3x.png */ = {isa = PBXFileReference; lastKnownFileType = image.png; path = "wallet-F97777@3x.png"; sourceTree = "<group>"; };
		9FC366E41ECFA0E0006CE743 /* Wallet.swift */ = {isa = PBXFileReference; fileEncoding = 4; lastKnownFileType = sourcecode.swift; path = Wallet.swift; sourceTree = "<group>"; };
		9FC366E81ECFA0F7006CE743 /* WalletsListController.swift */ = {isa = PBXFileReference; fileEncoding = 4; lastKnownFileType = sourcecode.swift; path = WalletsListController.swift; sourceTree = "<group>"; };
		9FEC04EE1ECFD8C4009256BD /* PersistedObjectListController.swift */ = {isa = PBXFileReference; fileEncoding = 4; lastKnownFileType = sourcecode.swift; path = PersistedObjectListController.swift; sourceTree = "<group>"; };
		9FEC04F81ECFD94B009256BD /* PersistableObject.swift */ = {isa = PBXFileReference; fileEncoding = 4; lastKnownFileType = sourcecode.swift; path = PersistableObject.swift; sourceTree = "<group>"; };
		9FEC04FA1ECFE23E009256BD /* DocumentPersister.swift */ = {isa = PBXFileReference; fileEncoding = 4; lastKnownFileType = sourcecode.swift; path = DocumentPersister.swift; sourceTree = "<group>"; };
		9FEC04FC1ECFE249009256BD /* DocumentCryptor.swift */ = {isa = PBXFileReference; fileEncoding = 4; lastKnownFileType = sourcecode.swift; path = DocumentCryptor.swift; sourceTree = "<group>"; };
		B9235B9A658A8ABD74A66866 /* Pods-MyMonero.debug.xcconfig */ = {isa = PBXFileReference; includeInIndex = 1; lastKnownFileType = text.xcconfig; name = "Pods-MyMonero.debug.xcconfig"; path = "Pods/Target Support Files/Pods-MyMonero/Pods-MyMonero.debug.xcconfig"; sourceTree = "<group>"; };
/* End PBXFileReference section */

/* Begin PBXFrameworksBuildPhase section */
		9F24AE161EBA7D3A00841BCB /* Frameworks */ = {
			isa = PBXFrameworksBuildPhase;
			buildActionMask = 2147483647;
			files = (
				6FCFC3C000CEEB8A1E23DB8F /* Pods_MyMonero.framework in Frameworks */,
			);
			runOnlyForDeploymentPostprocessing = 0;
		};
/* End PBXFrameworksBuildPhase section */

/* Begin PBXGroup section */
		1E71B88EA031DF8E0C808D87 /* Pods */ = {
			isa = PBXGroup;
			children = (
				B9235B9A658A8ABD74A66866 /* Pods-MyMonero.debug.xcconfig */,
				78858D4A99C81FB2BE0B0552 /* Pods-MyMonero.release.xcconfig */,
			);
			name = Pods;
			sourceTree = "<group>";
		};
		9F00B8D81EC276C30040F52A /* Swift */ = {
			isa = PBXGroup;
			children = (
				9F00B8DC1EC276C30040F52A /* MyMoneroCore.swift */,
				9F00B8DD1EC276C30040F52A /* MyMoneroJSCore.swift */,
				9F30470C1EC657CB00190268 /* MoneroAmounts.swift */,
				9F00B8DB1EC276C30040F52A /* MoneroTransactions.swift */,
				9F00B8DA1EC276C30040F52A /* MoneroRequestURIs.swift */,
				9F00B8D91EC276C30040F52A /* MoneroOpenAlias.swift */,
				9F4668801EC664CC0075F9CD /* MoneroPaymentIDs.swift */,
				9F1B57461ED4E92D00410675 /* MoneroMnemonics.swift */,
			);
			name = Swift;
			path = Modules/MyMoneroCore/Swift;
			sourceTree = SOURCE_ROOT;
		};
		9F1D002C1EE345D600A4B3A5 /* UICommonComponents */ = {
			isa = PBXGroup;
			children = (
				9F8E2F6B1EE849E100F89A1D /* Resources */,
				9F8E30191EED6FFF00F89A1D /* UICommonComponents.swift */,
				9F1D002D1EE345DF00A4B3A5 /* Forms.swift */,
				9F1D002F1EE345E500A4B3A5 /* Tables.swift */,
				9F1D00311EE3466300A4B3A5 /* LinkButtonView.swift */,
				9F2BFE731EEEDEE3006B2F7D /* HighlightableCells.swift */,
				9F8E30131EED6F2600F89A1D /* PushButton.swift */,
				9F1D00331EE349CB00A4B3A5 /* NavigationBarButtons.swift */,
				9F8E30151EED6FC200F89A1D /* ActionButtons.swift */,
				9F8E30171EED6FD100F89A1D /* EmptyScreens.swift */,
				9F2BFE711EEED95E006B2F7D /* WalletIcons.swift */,
			);
			path = UICommonComponents;
			sourceTree = "<group>";
		};
		9F24AE101EBA7D3A00841BCB = {
			isa = PBXGroup;
			children = (
				9F7ADAA51EBD2B420073C2BB /* Modules */,
				9F24AE1A1EBA7D3A00841BCB /* Products */,
				1E71B88EA031DF8E0C808D87 /* Pods */,
				B1FD17CA08A86496EC2BCADE /* Frameworks */,
			);
			sourceTree = "<group>";
		};
		9F24AE1A1EBA7D3A00841BCB /* Products */ = {
			isa = PBXGroup;
			children = (
				9F24AE191EBA7D3A00841BCB /* MyMonero.app */,
			);
			name = Products;
			sourceTree = "<group>";
		};
		9F7ADAA51EBD2B420073C2BB /* Modules */ = {
			isa = PBXGroup;
			children = (
				9F7ADAA61EBD2B420073C2BB /* App */,
				9F8E2F541EE4908700F89A1D /* DebugUtils */,
				9F7ADAAF1EBD2B420073C2BB /* MyMoneroCore */,
				9F7E516D1EC61550001EAB3F /* HostedMonero */,
				9FEC04F61ECFD8D3009256BD /* Persistence */,
				9F8E301D1EED7D7800F89A1D /* Passwords */,
				9FEC04EC1ECFD8C4009256BD /* Lists */,
				9F8E2F4B1EE3AA4700F89A1D /* Theme */,
				9F1D002C1EE345D600A4B3A5 /* UICommonComponents */,
				9FC366DC1ECF9F90006CE743 /* Wallets */,
				9F8E2FE11EE978B700F89A1D /* SendFundsTab */,
				9F8E2F881EE8807500F89A1D /* FundsRequests */,
				9F8E2F861EE8807500F89A1D /* Contacts */,
				9F8E2F8C1EE8807500F89A1D /* Settings */,
			);
			path = Modules;
			sourceTree = "<group>";
		};
		9F7ADAA61EBD2B420073C2BB /* App */ = {
			isa = PBXGroup;
			children = (
				9F7ADAF31EBD2C1C0073C2BB /* Controllers */,
				9F7ADAF61EBD2C1C0073C2BB /* Resources */,
			);
			path = App;
			sourceTree = "<group>";
		};
		9F7ADAAF1EBD2B420073C2BB /* MyMoneroCore */ = {
			isa = PBXGroup;
			children = (
				9F00B8D81EC276C30040F52A /* Swift */,
				9F7ADAB41EBD2B420073C2BB /* build */,
			);
			name = MyMoneroCore;
			path = MyMoneroJSCore;
			sourceTree = "<group>";
		};
		9F7ADAB41EBD2B420073C2BB /* build */ = {
			isa = PBXGroup;
			children = (
				9F1C4B971EC241D4004473CE /* mymonero-js-core-ios-build.js */,
			);
			path = build;
			sourceTree = "<group>";
		};
		9F7ADAF31EBD2C1C0073C2BB /* Controllers */ = {
			isa = PBXGroup;
			children = (
				9F7ADAF41EBD2C1C0073C2BB /* AppDelegate.swift */,
				9F7ADB031EBD30710073C2BB /* WindowController.swift */,
				9F7ADAF51EBD2C1C0073C2BB /* RootViewController.swift */,
				9F1D001B1EE301C100A4B3A5 /* RootTabBarViewController.swift */,
				9F7ADB011EBD30330073C2BB /* AppRuntimeController.swift */,
			);
			path = Controllers;
			sourceTree = "<group>";
		};
		9F7ADAF61EBD2C1C0073C2BB /* Resources */ = {
			isa = PBXGroup;
			children = (
				9F2BFEC71EF0A4FF006B2F7D /* Assets.xcassets */,
				9F8E2FDF1EE8A76200F89A1D /* tabBarBGColorImage@3x.png */,
				9F7ADAFD1EBD2CAF0073C2BB /* LaunchScreen.storyboard */,
				9F7ADAF81EBD2C1C0073C2BB /* Info.plist */,
			);
			path = Resources;
			sourceTree = "<group>";
		};
		9F7E516D1EC61550001EAB3F /* HostedMonero */ = {
			isa = PBXGroup;
			children = (
				9F7E516E1EC6156C001EAB3F /* HostedMoneroAPIClient.swift */,
				9F7E516F1EC6156C001EAB3F /* HostedMonero_OpenAliasResolving.swift */,
				9F7E51701EC6156C001EAB3F /* HostedMonero_SendingFunds.swift */,
			);
			path = HostedMonero;
			sourceTree = "<group>";
		};
		9F8E2F4B1EE3AA4700F89A1D /* Theme */ = {
			isa = PBXGroup;
			children = (
				9F8E2F9B1EE883B100F89A1D /* Controllers */,
				9F8E2F9D1EE883B100F89A1D /* Extensions */,
				9F8E2F591EE4B3A900F89A1D /* Resources */,
			);
			path = Theme;
			sourceTree = "<group>";
		};
		9F8E2F541EE4908700F89A1D /* DebugUtils */ = {
			isa = PBXGroup;
			children = (
				9F8E2F551EE4908F00F89A1D /* UIColor+Random.swift */,
				9F8E2F571EE4909900F89A1D /* UIView+Debug.swift */,
				9F8E30031EEAF38600F89A1D /* Logging.swift */,
			);
			path = DebugUtils;
			sourceTree = "<group>";
		};
		9F8E2F591EE4B3A900F89A1D /* Resources */ = {
			isa = PBXGroup;
			children = (
				9F8E2F5A1EE4B3FB00F89A1D /* Fonts */,
			);
			path = Resources;
			sourceTree = "<group>";
		};
		9F8E2F5A1EE4B3FB00F89A1D /* Fonts */ = {
			isa = PBXGroup;
			children = (
				9F8E2F5B1EE4B3FB00F89A1D /* Native-Bold.otf */,
				9F8E2F5C1EE4B3FB00F89A1D /* Native-Light.otf */,
				9F8E2F5D1EE4B3FB00F89A1D /* Native-Regular.otf */,
			);
			path = Fonts;
			sourceTree = "<group>";
		};
		9F8E2F6B1EE849E100F89A1D /* Resources */ = {
			isa = PBXGroup;
			children = (
				9F2BFE751EF08ABA006B2F7D /* highlightableCellBG_highlighted@3x.png */,
				9F2BFE761EF08ABA006B2F7D /* highlightableCellBG@3x.png */,
				9F2BFE781EF08ABA006B2F7D /* pushButtonBG_action_highlighted@3x.png */,
				9F2BFE791EF08ABA006B2F7D /* pushButtonBG_action@3x.png */,
				9F2BFE7A1EF08ABA006B2F7D /* pushButtonBG_destructive_highlighted@3x.png */,
				9F2BFE7B1EF08ABA006B2F7D /* pushButtonBG_destructive@3x.png */,
				9F2BFE7C1EF08ABA006B2F7D /* pushButtonBG_disabled@3x.png */,
				9F2BFE7D1EF08ABA006B2F7D /* pushButtonBG_utility_highlighted@3x.png */,
				9F2BFE7E1EF08ABA006B2F7D /* pushButtonBG_utility@3x.png */,
				9F2BFE7F1EF08ABA006B2F7D /* textField_bg_error_xStretchable@3x.png */,
				9F2BFE801EF08ABA006B2F7D /* textField_bg_noErr_xStretchable@3x.png */,
				9F8E2FA11EE883E800F89A1D /* textField_bg_error_xStretchable@3x.png */,
				9F8E2FA21EE883E800F89A1D /* textField_bg_noErr_xStretchable@3x.png */,
				9F8E302C1EEDAB9400F89A1D /* addButtonIcon_10@3x.png */,
				9F8E302D1EEDAB9400F89A1D /* backButtonIcon@3x.png */,
				9F8E302E1EEDAB9400F89A1D /* contactPicker_xBtnIcn@3x.png */,
				9F8E302F1EEDAB9400F89A1D /* detectedCheckmark@3x.png */,
				9F8E30301EEDAB9400F89A1D /* inlineMessageDialog_closeBtn@3x.png */,
				9F8E30311EEDAB9400F89A1D /* list_rightside_chevron@3x.png */,
				9F8E30321EEDAB9400F89A1D /* wallet-00C6FF@3x.png */,
				9F8E30331EEDAB9400F89A1D /* wallet-00F4CD@3x.png */,
				9F8E30341EEDAB9400F89A1D /* wallet-6B696B@3x.png */,
				9F8E30351EEDAB9400F89A1D /* wallet-CFCECF@3x.png */,
				9F8E30361EEDAB9400F89A1D /* wallet-D975E1@3x.png */,
				9F8E30371EEDAB9400F89A1D /* wallet-EACF12@3x.png */,
				9F8E30381EEDAB9400F89A1D /* wallet-EB8316@3x.png */,
				9F8E30391EEDAB9400F89A1D /* wallet-F97777@3x.png */,
			);
			path = Resources;
			sourceTree = "<group>";
		};
		9F8E2F861EE8807500F89A1D /* Contacts */ = {
			isa = PBXGroup;
			children = (
				9F8E2F871EE8807500F89A1D /* Controllers */,
				9F8E2FF51EE978E800F89A1D /* Resources */,
			);
			path = Contacts;
			sourceTree = "<group>";
		};
		9F8E2F871EE8807500F89A1D /* Controllers */ = {
			isa = PBXGroup;
			children = (
				9F8E2F8E1EE880F700F89A1D /* ContactsTabNavigationViewController.swift */,
			);
			path = Controllers;
			sourceTree = "<group>";
		};
		9F8E2F881EE8807500F89A1D /* FundsRequests */ = {
			isa = PBXGroup;
			children = (
				9F8E2F891EE8807500F89A1D /* Controllers */,
				9F8E2FFE1EE978EF00F89A1D /* Resources */,
			);
			path = FundsRequests;
			sourceTree = "<group>";
		};
		9F8E2F891EE8807500F89A1D /* Controllers */ = {
			isa = PBXGroup;
			children = (
				9F8E2F901EE8810300F89A1D /* FundsRequestsTabNavigationViewController.swift */,
			);
			path = Controllers;
			sourceTree = "<group>";
		};
		9F8E2F8C1EE8807500F89A1D /* Settings */ = {
			isa = PBXGroup;
			children = (
				9F8E2F8D1EE8807500F89A1D /* Controllers */,
				9F8E2FF01EE978DF00F89A1D /* Resources */,
			);
			path = Settings;
			sourceTree = "<group>";
		};
		9F8E2F8D1EE8807500F89A1D /* Controllers */ = {
			isa = PBXGroup;
			children = (
				9F8E2F941EE8811A00F89A1D /* SettingsTabNavigationViewController.swift */,
			);
			path = Controllers;
			sourceTree = "<group>";
		};
		9F8E2F961EE8837300F89A1D /* Resources */ = {
			isa = PBXGroup;
			children = (
				9F8E2F971EE8837300F89A1D /* icon_tabBar_wallets@3x.png */,
				9F8E2F981EE8837300F89A1D /* icon_tabBar_wallets__active@3x.png */,
			);
			path = Resources;
			sourceTree = "<group>";
		};
		9F8E2F9B1EE883B100F89A1D /* Controllers */ = {
			isa = PBXGroup;
			children = (
				9F8E2F9C1EE883B100F89A1D /* ThemeController.swift */,
			);
			path = Controllers;
			sourceTree = "<group>";
		};
		9F8E2F9D1EE883B100F89A1D /* Extensions */ = {
			isa = PBXGroup;
			children = (
				9F8E2F9E1EE883B100F89A1D /* UIColor+Hex.swift */,
			);
			path = Extensions;
			sourceTree = "<group>";
		};
		9F8E2FE11EE978B700F89A1D /* SendFundsTab */ = {
			isa = PBXGroup;
			children = (
				9F8E2FE21EE978B700F89A1D /* Controllers */,
				9F8E2FE41EE978B700F89A1D /* Resources */,
			);
			path = SendFundsTab;
			sourceTree = "<group>";
		};
		9F8E2FE21EE978B700F89A1D /* Controllers */ = {
			isa = PBXGroup;
			children = (
				9F8E2FE31EE978B700F89A1D /* SendFundsTabNavigationViewController.swift */,
			);
			path = Controllers;
			sourceTree = "<group>";
		};
		9F8E2FE41EE978B700F89A1D /* Resources */ = {
			isa = PBXGroup;
			children = (
				9F8E2FE51EE978B700F89A1D /* actionButton_iconImage__chooseFile@3x.png */,
				9F8E2FE61EE978B700F89A1D /* actionButton_iconImage__useCamera@3x.png */,
				9F8E2FE71EE978B700F89A1D /* icon_tabBar_sendFunds@3x.png */,
				9F8E2FE81EE978B700F89A1D /* icon_tabBar_sendFunds__active@3x.png */,
				9F8E2FE91EE978B700F89A1D /* qrDropzoneIcon@3x.png */,
			);
			path = Resources;
			sourceTree = "<group>";
		};
		9F8E2FF01EE978DF00F89A1D /* Resources */ = {
			isa = PBXGroup;
			children = (
				9F8E2FF11EE978DF00F89A1D /* icon_tabBar_settings@3x.png */,
				9F8E2FF21EE978DF00F89A1D /* icon_tabBar_settings__active@3x.png */,
			);
			path = Resources;
			sourceTree = "<group>";
		};
		9F8E2FF51EE978E800F89A1D /* Resources */ = {
			isa = PBXGroup;
			children = (
				9F8E2FF61EE978E800F89A1D /* actionButton_iconImage__request@3x.png */,
				9F8E2FF71EE978E800F89A1D /* actionButton_iconImage__send@3x.png */,
				9F8E2FF81EE978E800F89A1D /* icon_tabBar_contacts@3x.png */,
				9F8E2FF91EE978E800F89A1D /* icon_tabBar_contacts__active@3x.png */,
			);
			path = Resources;
			sourceTree = "<group>";
		};
		9F8E2FFE1EE978EF00F89A1D /* Resources */ = {
			isa = PBXGroup;
			children = (
				9F8E2FFF1EE978EF00F89A1D /* icon_tabBar_fundsRequests@3x.png */,
				9F8E30001EE978EF00F89A1D /* icon_tabBar_fundsRequests__active@3x.png */,
			);
			path = Resources;
			sourceTree = "<group>";
		};
		9F8E301D1EED7D7800F89A1D /* Passwords */ = {
			isa = PBXGroup;
			children = (
				9F8E301E1EED7D7800F89A1D /* ModelControllers */,
				9F8E30201EED7D7800F89A1D /* ViewControllers */,
			);
			path = Passwords;
			sourceTree = "<group>";
		};
		9F8E301E1EED7D7800F89A1D /* ModelControllers */ = {
			isa = PBXGroup;
			children = (
				9F8E301F1EED7D7800F89A1D /* PasswordController.swift */,
			);
			path = ModelControllers;
			sourceTree = "<group>";
		};
		9F8E30201EED7D7800F89A1D /* ViewControllers */ = {
			isa = PBXGroup;
			children = (
				9F8E30241EED7D7800F89A1D /* PasswordEntryNavigationViewController.swift */,
				9F8E30251EED7D7800F89A1D /* PasswordEntryScreenBaseViewController.swift */,
				9F8E30221EED7D7800F89A1D /* EnterNewPasswordViewController.swift */,
				9F8E30211EED7D7800F89A1D /* EnterExistingPasswordViewController.swift */,
				9F8E30231EED7D7800F89A1D /* ForgotPasswordViewController.swift */,
			);
			path = ViewControllers;
			sourceTree = "<group>";
		};
		9FC366DC1ECF9F90006CE743 /* Wallets */ = {
			isa = PBXGroup;
			children = (
				9F8E2F961EE8837300F89A1D /* Resources */,
				9FC366DD1ECF9F90006CE743 /* Controllers */,
				9FC366DE1ECF9F90006CE743 /* Models */,
				9FC366DF1ECF9F90006CE743 /* Views */,
			);
			path = Wallets;
			sourceTree = "<group>";
		};
		9FC366DD1ECF9F90006CE743 /* Controllers */ = {
			isa = PBXGroup;
			children = (
				9FC366E81ECFA0F7006CE743 /* WalletsListController.swift */,
				9F1B57481ED8F78D00410675 /* Wallet_HostPollingController.swift */,
				9F8E2F821EE87FDF00F89A1D /* WalletsListViewController.swift */,
				9F8E2F841EE87FFC00F89A1D /* WalletsTabNavigationViewController.swift */,
			);
			path = Controllers;
			sourceTree = "<group>";
		};
		9FC366DE1ECF9F90006CE743 /* Models */ = {
			isa = PBXGroup;
			children = (
				9FC366E41ECFA0E0006CE743 /* Wallet.swift */,
			);
			path = Models;
			sourceTree = "<group>";
		};
		9FC366DF1ECF9F90006CE743 /* Views */ = {
			isa = PBXGroup;
			children = (
				9F2BFE5F1EEE2EE1006B2F7D /* WalletsListViewCell.swift */,
				9F2BFE611EEE2EEA006B2F7D /* WalletCellContentView.swift */,
				9F2BFEC91EF0AA15006B2F7D /* WalletsListEmptyView.swift */,
			);
			path = Views;
			sourceTree = "<group>";
		};
		9FEC04EC1ECFD8C4009256BD /* Lists */ = {
			isa = PBXGroup;
			children = (
				9FEC04ED1ECFD8C4009256BD /* Controllers */,
				9FEC04F11ECFD8C4009256BD /* Views */,
			);
			path = Lists;
			sourceTree = "<group>";
		};
		9FEC04ED1ECFD8C4009256BD /* Controllers */ = {
			isa = PBXGroup;
			children = (
				9FEC04EE1ECFD8C4009256BD /* PersistedObjectListController.swift */,
				9F8E2F801EE87FD600F89A1D /* ListViewController.swift */,
			);
			path = Controllers;
			sourceTree = "<group>";
		};
		9FEC04F11ECFD8C4009256BD /* Views */ = {
			isa = PBXGroup;
			children = (
			);
			path = Views;
			sourceTree = "<group>";
		};
		9FEC04F61ECFD8D3009256BD /* Persistence */ = {
			isa = PBXGroup;
			children = (
				9FEC04F81ECFD94B009256BD /* PersistableObject.swift */,
				9FEC04FA1ECFE23E009256BD /* DocumentPersister.swift */,
				9FEC04FC1ECFE249009256BD /* DocumentCryptor.swift */,
			);
			path = Persistence;
			sourceTree = "<group>";
		};
		B1FD17CA08A86496EC2BCADE /* Frameworks */ = {
			isa = PBXGroup;
			children = (
				23FFD28B95E856EC54635727 /* Pods_MyMonero.framework */,
			);
			name = Frameworks;
			sourceTree = "<group>";
		};
/* End PBXGroup section */

/* Begin PBXNativeTarget section */
		9F24AE181EBA7D3A00841BCB /* MyMonero */ = {
			isa = PBXNativeTarget;
			buildConfigurationList = 9F24AE411EBA7D3A00841BCB /* Build configuration list for PBXNativeTarget "MyMonero" */;
			buildPhases = (
				8273B9EE1C489BA8C23DEFF6 /* [CP] Check Pods Manifest.lock */,
				9F24AE151EBA7D3A00841BCB /* Sources */,
				9F24AE161EBA7D3A00841BCB /* Frameworks */,
				9F24AE171EBA7D3A00841BCB /* Resources */,
				B1FB2FC478D1C87DBF8AABF8 /* [CP] Embed Pods Frameworks */,
				735119A813CBABC14DEA6AED /* [CP] Copy Pods Resources */,
			);
			buildRules = (
			);
			dependencies = (
			);
			name = MyMonero;
			productName = MyMonero;
			productReference = 9F24AE191EBA7D3A00841BCB /* MyMonero.app */;
			productType = "com.apple.product-type.application";
		};
/* End PBXNativeTarget section */

/* Begin PBXProject section */
		9F24AE111EBA7D3A00841BCB /* Project object */ = {
			isa = PBXProject;
			attributes = {
				LastSwiftUpdateCheck = 0830;
				LastUpgradeCheck = 0830;
				ORGANIZATIONNAME = MyMonero;
				TargetAttributes = {
					9F24AE181EBA7D3A00841BCB = {
						CreatedOnToolsVersion = 8.3.2;
						ProvisioningStyle = Automatic;
					};
				};
			};
			buildConfigurationList = 9F24AE141EBA7D3A00841BCB /* Build configuration list for PBXProject "MyMonero" */;
			compatibilityVersion = "Xcode 3.2";
			developmentRegion = English;
			hasScannedForEncodings = 0;
			knownRegions = (
				en,
				Base,
			);
			mainGroup = 9F24AE101EBA7D3A00841BCB;
			productRefGroup = 9F24AE1A1EBA7D3A00841BCB /* Products */;
			projectDirPath = "";
			projectRoot = "";
			targets = (
				9F24AE181EBA7D3A00841BCB /* MyMonero */,
			);
		};
/* End PBXProject section */

/* Begin PBXResourcesBuildPhase section */
		9F24AE171EBA7D3A00841BCB /* Resources */ = {
			isa = PBXResourcesBuildPhase;
			buildActionMask = 2147483647;
			files = (
				9F8E2FFA1EE978E800F89A1D /* actionButton_iconImage__request@3x.png in Resources */,
				9F1C4B981EC241D4004473CE /* mymonero-js-core-ios-build.js in Resources */,
				9F8E30411EEDAB9400F89A1D /* wallet-00F4CD@3x.png in Resources */,
				9F2BFE861EF08ABA006B2F7D /* pushButtonBG_destructive_highlighted@3x.png in Resources */,
				9F8E2FEC1EE978B700F89A1D /* actionButton_iconImage__useCamera@3x.png in Resources */,
				9F8E303A1EEDAB9400F89A1D /* addButtonIcon_10@3x.png in Resources */,
				9F8E30461EEDAB9400F89A1D /* wallet-EB8316@3x.png in Resources */,
				9F8E2FFD1EE978E800F89A1D /* icon_tabBar_contacts__active@3x.png in Resources */,
				9F8E30441EEDAB9400F89A1D /* wallet-D975E1@3x.png in Resources */,
				9F8E30421EEDAB9400F89A1D /* wallet-6B696B@3x.png in Resources */,
				9F8E30451EEDAB9400F89A1D /* wallet-EACF12@3x.png in Resources */,
				9F8E303C1EEDAB9400F89A1D /* contactPicker_xBtnIcn@3x.png in Resources */,
				9F2BFE8C1EF08ABA006B2F7D /* textField_bg_noErr_xStretchable@3x.png in Resources */,
				9F7ADAFE1EBD2CAF0073C2BB /* LaunchScreen.storyboard in Resources */,
				9F2BFE821EF08ABA006B2F7D /* highlightableCellBG@3x.png in Resources */,
				9F2BFE811EF08ABA006B2F7D /* highlightableCellBG_highlighted@3x.png in Resources */,
				9F8E2FF31EE978DF00F89A1D /* icon_tabBar_settings@3x.png in Resources */,
				9F2BFE871EF08ABA006B2F7D /* pushButtonBG_destructive@3x.png in Resources */,
				9F8E2FEB1EE978B700F89A1D /* actionButton_iconImage__chooseFile@3x.png in Resources */,
				9F8E2F601EE4B3FB00F89A1D /* Native-Regular.otf in Resources */,
				9F2BFE881EF08ABA006B2F7D /* pushButtonBG_disabled@3x.png in Resources */,
				9F8E2FEF1EE978B700F89A1D /* qrDropzoneIcon@3x.png in Resources */,
				9F2BFE8B1EF08ABA006B2F7D /* textField_bg_error_xStretchable@3x.png in Resources */,
				9F8E303E1EEDAB9400F89A1D /* inlineMessageDialog_closeBtn@3x.png in Resources */,
				9F8E303D1EEDAB9400F89A1D /* detectedCheckmark@3x.png in Resources */,
				9F2BFEC81EF0A4FF006B2F7D /* Assets.xcassets in Resources */,
				9F8E2F991EE8837300F89A1D /* icon_tabBar_wallets@3x.png in Resources */,
				9F8E303B1EEDAB9400F89A1D /* backButtonIcon@3x.png in Resources */,
				9F8E30431EEDAB9400F89A1D /* wallet-CFCECF@3x.png in Resources */,
				9F8E303F1EEDAB9400F89A1D /* list_rightside_chevron@3x.png in Resources */,
				9F8E2FEE1EE978B700F89A1D /* icon_tabBar_sendFunds__active@3x.png in Resources */,
				9F8E2FED1EE978B700F89A1D /* icon_tabBar_sendFunds@3x.png in Resources */,
				9F8E2FA41EE883E800F89A1D /* textField_bg_noErr_xStretchable@3x.png in Resources */,
				9F8E2FA31EE883E800F89A1D /* textField_bg_error_xStretchable@3x.png in Resources */,
				9F2BFE8A1EF08ABA006B2F7D /* pushButtonBG_utility@3x.png in Resources */,
				9F8E2F9A1EE8837300F89A1D /* icon_tabBar_wallets__active@3x.png in Resources */,
				9F2BFE851EF08ABA006B2F7D /* pushButtonBG_action@3x.png in Resources */,
				9F8E2F5F1EE4B3FB00F89A1D /* Native-Light.otf in Resources */,
				9F2BFE841EF08ABA006B2F7D /* pushButtonBG_action_highlighted@3x.png in Resources */,
				9F8E2FFC1EE978E800F89A1D /* icon_tabBar_contacts@3x.png in Resources */,
				9F8E2FF41EE978DF00F89A1D /* icon_tabBar_settings__active@3x.png in Resources */,
				9F8E30011EE978EF00F89A1D /* icon_tabBar_fundsRequests@3x.png in Resources */,
				9F8E30471EEDAB9400F89A1D /* wallet-F97777@3x.png in Resources */,
				9F8E2FFB1EE978E800F89A1D /* actionButton_iconImage__send@3x.png in Resources */,
				9F8E30401EEDAB9400F89A1D /* wallet-00C6FF@3x.png in Resources */,
				9F8E30021EE978EF00F89A1D /* icon_tabBar_fundsRequests__active@3x.png in Resources */,
				9F8E2FE01EE8A76200F89A1D /* tabBarBGColorImage@3x.png in Resources */,
				9F2BFE891EF08ABA006B2F7D /* pushButtonBG_utility_highlighted@3x.png in Resources */,
				9F8E2F5E1EE4B3FB00F89A1D /* Native-Bold.otf in Resources */,
			);
			runOnlyForDeploymentPostprocessing = 0;
		};
/* End PBXResourcesBuildPhase section */

/* Begin PBXShellScriptBuildPhase section */
		735119A813CBABC14DEA6AED /* [CP] Copy Pods Resources */ = {
			isa = PBXShellScriptBuildPhase;
			buildActionMask = 2147483647;
			files = (
			);
			inputPaths = (
			);
			name = "[CP] Copy Pods Resources";
			outputPaths = (
			);
			runOnlyForDeploymentPostprocessing = 0;
			shellPath = /bin/sh;
			shellScript = "\"${SRCROOT}/Pods/Target Support Files/Pods-MyMonero/Pods-MyMonero-resources.sh\"\n";
			showEnvVarsInLog = 0;
		};
		8273B9EE1C489BA8C23DEFF6 /* [CP] Check Pods Manifest.lock */ = {
			isa = PBXShellScriptBuildPhase;
			buildActionMask = 2147483647;
			files = (
			);
			inputPaths = (
			);
			name = "[CP] Check Pods Manifest.lock";
			outputPaths = (
			);
			runOnlyForDeploymentPostprocessing = 0;
			shellPath = /bin/sh;
			shellScript = "diff \"${PODS_PODFILE_DIR_PATH}/Podfile.lock\" \"${PODS_ROOT}/Manifest.lock\" > /dev/null\nif [ $? != 0 ] ; then\n    # print error to STDERR\n    echo \"error: The sandbox is not in sync with the Podfile.lock. Run 'pod install' or update your CocoaPods installation.\" >&2\n    exit 1\nfi\n";
			showEnvVarsInLog = 0;
		};
		B1FB2FC478D1C87DBF8AABF8 /* [CP] Embed Pods Frameworks */ = {
			isa = PBXShellScriptBuildPhase;
			buildActionMask = 2147483647;
			files = (
			);
			inputPaths = (
			);
			name = "[CP] Embed Pods Frameworks";
			outputPaths = (
			);
			runOnlyForDeploymentPostprocessing = 0;
			shellPath = /bin/sh;
			shellScript = "\"${SRCROOT}/Pods/Target Support Files/Pods-MyMonero/Pods-MyMonero-frameworks.sh\"\n";
			showEnvVarsInLog = 0;
		};
/* End PBXShellScriptBuildPhase section */

/* Begin PBXSourcesBuildPhase section */
		9F24AE151EBA7D3A00841BCB /* Sources */ = {
			isa = PBXSourcesBuildPhase;
			buildActionMask = 2147483647;
			files = (
				9F00B8E41EC276C30040F52A /* MyMoneroJSCore.swift in Sources */,
				9F1D00301EE345E500A4B3A5 /* Tables.swift in Sources */,
				9F4668811EC664CC0075F9CD /* MoneroPaymentIDs.swift in Sources */,
				9FEC04F31ECFD8C4009256BD /* PersistedObjectListController.swift in Sources */,
				9F8E2F831EE87FDF00F89A1D /* WalletsListViewController.swift in Sources */,
				9F8E2F9F1EE883B100F89A1D /* ThemeController.swift in Sources */,
				9F1D002E1EE345DF00A4B3A5 /* Forms.swift in Sources */,
				9F7ADAFA1EBD2C1C0073C2BB /* RootViewController.swift in Sources */,
				9F8E2F851EE87FFC00F89A1D /* WalletsTabNavigationViewController.swift in Sources */,
				9F8E30041EEAF38600F89A1D /* Logging.swift in Sources */,
				9F1D00341EE349CB00A4B3A5 /* NavigationBarButtons.swift in Sources */,
				9F8E30281EED7D7800F89A1D /* EnterNewPasswordViewController.swift in Sources */,
				9F00B8E01EC276C30040F52A /* MoneroOpenAlias.swift in Sources */,
				9F30470D1EC657CB00190268 /* MoneroAmounts.swift in Sources */,
				9F7E51721EC6156C001EAB3F /* HostedMonero_OpenAliasResolving.swift in Sources */,
				9F8E2F951EE8811A00F89A1D /* SettingsTabNavigationViewController.swift in Sources */,
				9F8E30291EED7D7800F89A1D /* ForgotPasswordViewController.swift in Sources */,
				9F2BFE601EEE2EE1006B2F7D /* WalletsListViewCell.swift in Sources */,
				9F00B8E21EC276C30040F52A /* MoneroTransactions.swift in Sources */,
				9F7ADB041EBD30710073C2BB /* WindowController.swift in Sources */,
				9FEC04FD1ECFE249009256BD /* DocumentCryptor.swift in Sources */,
				9F2BFE721EEED95E006B2F7D /* WalletIcons.swift in Sources */,
				9F8E30181EED6FD100F89A1D /* EmptyScreens.swift in Sources */,
				9F8E30141EED6F2600F89A1D /* PushButton.swift in Sources */,
				9F8E302B1EED7D7800F89A1D /* PasswordEntryScreenBaseViewController.swift in Sources */,
				9F8E301A1EED6FFF00F89A1D /* UICommonComponents.swift in Sources */,
				9F00B8E31EC276C30040F52A /* MyMoneroCore.swift in Sources */,
				9F8E2FA01EE883B100F89A1D /* UIColor+Hex.swift in Sources */,
				9F8E2F8F1EE880F700F89A1D /* ContactsTabNavigationViewController.swift in Sources */,
				9F2BFE741EEEDEE3006B2F7D /* HighlightableCells.swift in Sources */,
				9F8E2F811EE87FD600F89A1D /* ListViewController.swift in Sources */,
				9F1D001C1EE301C100A4B3A5 /* RootTabBarViewController.swift in Sources */,
				9F7E51731EC6156C001EAB3F /* HostedMonero_SendingFunds.swift in Sources */,
				9FEC04FB1ECFE23E009256BD /* DocumentPersister.swift in Sources */,
				9F7E51711EC6156C001EAB3F /* HostedMoneroAPIClient.swift in Sources */,
				9F2BFECA1EF0AA15006B2F7D /* WalletsListEmptyView.swift in Sources */,
				9F8E2FEA1EE978B700F89A1D /* SendFundsTabNavigationViewController.swift in Sources */,
				9FC366E91ECFA0F7006CE743 /* WalletsListController.swift in Sources */,
				9F8E2F561EE4908F00F89A1D /* UIColor+Random.swift in Sources */,
				9F1B57491ED8F78D00410675 /* Wallet_HostPollingController.swift in Sources */,
				9F8E2F911EE8810300F89A1D /* FundsRequestsTabNavigationViewController.swift in Sources */,
				9F7ADAF91EBD2C1C0073C2BB /* AppDelegate.swift in Sources */,
				9F00B8E11EC276C30040F52A /* MoneroRequestURIs.swift in Sources */,
				9F8E30271EED7D7800F89A1D /* EnterExistingPasswordViewController.swift in Sources */,
				9F8E30161EED6FC200F89A1D /* ActionButtons.swift in Sources */,
				9FC366E51ECFA0E0006CE743 /* Wallet.swift in Sources */,
				9F1D00321EE3466300A4B3A5 /* LinkButtonView.swift in Sources */,
				9F8E302A1EED7D7800F89A1D /* PasswordEntryNavigationViewController.swift in Sources */,
				9F7ADB021EBD30330073C2BB /* AppRuntimeController.swift in Sources */,
				9FEC04F91ECFD94B009256BD /* PersistableObject.swift in Sources */,
				9F1B57471ED4E92D00410675 /* MoneroMnemonics.swift in Sources */,
				9F2BFE621EEE2EEB006B2F7D /* WalletCellContentView.swift in Sources */,
				9F8E30261EED7D7800F89A1D /* PasswordController.swift in Sources */,
				9F8E2F581EE4909900F89A1D /* UIView+Debug.swift in Sources */,
			);
			runOnlyForDeploymentPostprocessing = 0;
		};
/* End PBXSourcesBuildPhase section */

/* Begin XCBuildConfiguration section */
		9F24AE3F1EBA7D3A00841BCB /* Debug */ = {
			isa = XCBuildConfiguration;
			buildSettings = {
				ALWAYS_SEARCH_USER_PATHS = NO;
				CLANG_ANALYZER_NONNULL = YES;
				CLANG_ANALYZER_NUMBER_OBJECT_CONVERSION = YES_AGGRESSIVE;
				CLANG_CXX_LANGUAGE_STANDARD = "gnu++0x";
				CLANG_CXX_LIBRARY = "libc++";
				CLANG_ENABLE_MODULES = YES;
				CLANG_ENABLE_OBJC_ARC = YES;
				CLANG_WARN_BOOL_CONVERSION = YES;
				CLANG_WARN_CONSTANT_CONVERSION = YES;
				CLANG_WARN_DIRECT_OBJC_ISA_USAGE = YES_ERROR;
				CLANG_WARN_DOCUMENTATION_COMMENTS = YES;
				CLANG_WARN_EMPTY_BODY = YES;
				CLANG_WARN_ENUM_CONVERSION = YES;
				CLANG_WARN_INFINITE_RECURSION = YES;
				CLANG_WARN_INT_CONVERSION = YES;
				CLANG_WARN_OBJC_ROOT_CLASS = YES_ERROR;
				CLANG_WARN_SUSPICIOUS_MOVE = YES;
				CLANG_WARN_UNREACHABLE_CODE = YES;
				CLANG_WARN__DUPLICATE_METHOD_MATCH = YES;
				"CODE_SIGN_IDENTITY[sdk=iphoneos*]" = "iPhone Developer";
				COPY_PHASE_STRIP = NO;
				DEBUG_INFORMATION_FORMAT = dwarf;
				ENABLE_STRICT_OBJC_MSGSEND = YES;
				ENABLE_TESTABILITY = YES;
				GCC_C_LANGUAGE_STANDARD = gnu99;
				GCC_DYNAMIC_NO_PIC = NO;
				GCC_NO_COMMON_BLOCKS = YES;
				GCC_OPTIMIZATION_LEVEL = 0;
				GCC_PREPROCESSOR_DEFINITIONS = (
					"DEBUG=1",
					"$(inherited)",
				);
				GCC_WARN_64_TO_32_BIT_CONVERSION = YES;
				GCC_WARN_ABOUT_RETURN_TYPE = YES_ERROR;
				GCC_WARN_UNDECLARED_SELECTOR = YES;
				GCC_WARN_UNINITIALIZED_AUTOS = YES_AGGRESSIVE;
				GCC_WARN_UNUSED_FUNCTION = YES;
				GCC_WARN_UNUSED_VARIABLE = YES;
				IPHONEOS_DEPLOYMENT_TARGET = 10.3;
				MTL_ENABLE_DEBUG_INFO = YES;
				ONLY_ACTIVE_ARCH = YES;
				SDKROOT = iphoneos;
				SWIFT_ACTIVE_COMPILATION_CONDITIONS = DEBUG;
				SWIFT_OPTIMIZATION_LEVEL = "-Onone";
			};
			name = Debug;
		};
		9F24AE401EBA7D3A00841BCB /* Release */ = {
			isa = XCBuildConfiguration;
			buildSettings = {
				ALWAYS_SEARCH_USER_PATHS = NO;
				CLANG_ANALYZER_NONNULL = YES;
				CLANG_ANALYZER_NUMBER_OBJECT_CONVERSION = YES_AGGRESSIVE;
				CLANG_CXX_LANGUAGE_STANDARD = "gnu++0x";
				CLANG_CXX_LIBRARY = "libc++";
				CLANG_ENABLE_MODULES = YES;
				CLANG_ENABLE_OBJC_ARC = YES;
				CLANG_WARN_BOOL_CONVERSION = YES;
				CLANG_WARN_CONSTANT_CONVERSION = YES;
				CLANG_WARN_DIRECT_OBJC_ISA_USAGE = YES_ERROR;
				CLANG_WARN_DOCUMENTATION_COMMENTS = YES;
				CLANG_WARN_EMPTY_BODY = YES;
				CLANG_WARN_ENUM_CONVERSION = YES;
				CLANG_WARN_INFINITE_RECURSION = YES;
				CLANG_WARN_INT_CONVERSION = YES;
				CLANG_WARN_OBJC_ROOT_CLASS = YES_ERROR;
				CLANG_WARN_SUSPICIOUS_MOVE = YES;
				CLANG_WARN_UNREACHABLE_CODE = YES;
				CLANG_WARN__DUPLICATE_METHOD_MATCH = YES;
				"CODE_SIGN_IDENTITY[sdk=iphoneos*]" = "iPhone Developer";
				COPY_PHASE_STRIP = NO;
				DEBUG_INFORMATION_FORMAT = "dwarf-with-dsym";
				ENABLE_NS_ASSERTIONS = NO;
				ENABLE_STRICT_OBJC_MSGSEND = YES;
				GCC_C_LANGUAGE_STANDARD = gnu99;
				GCC_NO_COMMON_BLOCKS = YES;
				GCC_WARN_64_TO_32_BIT_CONVERSION = YES;
				GCC_WARN_ABOUT_RETURN_TYPE = YES_ERROR;
				GCC_WARN_UNDECLARED_SELECTOR = YES;
				GCC_WARN_UNINITIALIZED_AUTOS = YES_AGGRESSIVE;
				GCC_WARN_UNUSED_FUNCTION = YES;
				GCC_WARN_UNUSED_VARIABLE = YES;
				IPHONEOS_DEPLOYMENT_TARGET = 10.3;
				MTL_ENABLE_DEBUG_INFO = NO;
				SDKROOT = iphoneos;
				SWIFT_OPTIMIZATION_LEVEL = "-Owholemodule";
				VALIDATE_PRODUCT = YES;
			};
			name = Release;
		};
		9F24AE421EBA7D3A00841BCB /* Debug */ = {
			isa = XCBuildConfiguration;
			baseConfigurationReference = B9235B9A658A8ABD74A66866 /* Pods-MyMonero.debug.xcconfig */;
			buildSettings = {
				ASSETCATALOG_COMPILER_APPICON_NAME = AppIcon;
				INFOPLIST_FILE = Modules/App/Resources/Info.plist;
				LD_RUNPATH_SEARCH_PATHS = "$(inherited) @executable_path/Frameworks";
				PRODUCT_BUNDLE_IDENTIFIER = com.mymonero.mymoneromobile;
				PRODUCT_NAME = "$(TARGET_NAME)";
				SWIFT_VERSION = 3.0;
				TARGETED_DEVICE_FAMILY = "1,2";
			};
			name = Debug;
		};
		9F24AE431EBA7D3A00841BCB /* Release */ = {
			isa = XCBuildConfiguration;
			baseConfigurationReference = 78858D4A99C81FB2BE0B0552 /* Pods-MyMonero.release.xcconfig */;
			buildSettings = {
				ASSETCATALOG_COMPILER_APPICON_NAME = AppIcon;
				GCC_OPTIMIZATION_LEVEL = fast;
				INFOPLIST_FILE = Modules/App/Resources/Info.plist;
				LD_RUNPATH_SEARCH_PATHS = "$(inherited) @executable_path/Frameworks";
				LLVM_LTO = YES_THIN;
				PRODUCT_BUNDLE_IDENTIFIER = com.mymonero.mymoneromobile;
				PRODUCT_NAME = "$(TARGET_NAME)";
				SWIFT_VERSION = 3.0;
				TARGETED_DEVICE_FAMILY = "1,2";
			};
			name = Release;
		};
/* End XCBuildConfiguration section */

/* Begin XCConfigurationList section */
		9F24AE141EBA7D3A00841BCB /* Build configuration list for PBXProject "MyMonero" */ = {
			isa = XCConfigurationList;
			buildConfigurations = (
				9F24AE3F1EBA7D3A00841BCB /* Debug */,
				9F24AE401EBA7D3A00841BCB /* Release */,
			);
			defaultConfigurationIsVisible = 0;
			defaultConfigurationName = Release;
		};
		9F24AE411EBA7D3A00841BCB /* Build configuration list for PBXNativeTarget "MyMonero" */ = {
			isa = XCConfigurationList;
			buildConfigurations = (
				9F24AE421EBA7D3A00841BCB /* Debug */,
				9F24AE431EBA7D3A00841BCB /* Release */,
			);
			defaultConfigurationIsVisible = 0;
			defaultConfigurationName = Release;
		};
/* End XCConfigurationList section */
	};
	rootObject = 9F24AE111EBA7D3A00841BCB /* Project object */;
}
