// !$*UTF8*$!
{
	archiveVersion = 1;
	classes = {
	};
	objectVersion = 46;
	objects = {

/* Begin PBXBuildFile section */
		9F7ADAD91EBD2B420073C2BB /* mymonero-js-core-build.js in Resources */ = {isa = PBXBuildFile; fileRef = 9F7ADAB51EBD2B420073C2BB /* mymonero-js-core-build.js */; };
		9F7ADAF21EBD2BC00073C2BB /* MyMoneroJSCore.swift in Sources */ = {isa = PBXBuildFile; fileRef = 9F7ADAF11EBD2BC00073C2BB /* MyMoneroJSCore.swift */; };
		9F7ADAF91EBD2C1C0073C2BB /* AppDelegate.swift in Sources */ = {isa = PBXBuildFile; fileRef = 9F7ADAF41EBD2C1C0073C2BB /* AppDelegate.swift */; };
		9F7ADAFA1EBD2C1C0073C2BB /* RootViewController.swift in Sources */ = {isa = PBXBuildFile; fileRef = 9F7ADAF51EBD2C1C0073C2BB /* RootViewController.swift */; };
		9F7ADAFB1EBD2C1C0073C2BB /* Assets.xcassets in Resources */ = {isa = PBXBuildFile; fileRef = 9F7ADAF71EBD2C1C0073C2BB /* Assets.xcassets */; };
		9F7ADAFE1EBD2CAF0073C2BB /* LaunchScreen.storyboard in Resources */ = {isa = PBXBuildFile; fileRef = 9F7ADAFD1EBD2CAF0073C2BB /* LaunchScreen.storyboard */; };
		9F7ADB021EBD30330073C2BB /* RuntimeController.swift in Sources */ = {isa = PBXBuildFile; fileRef = 9F7ADB011EBD30330073C2BB /* RuntimeController.swift */; };
		9F7ADB041EBD30710073C2BB /* WindowController.swift in Sources */ = {isa = PBXBuildFile; fileRef = 9F7ADB031EBD30710073C2BB /* WindowController.swift */; };
/* End PBXBuildFile section */

/* Begin PBXFileReference section */
		9F24AE191EBA7D3A00841BCB /* MyMonero.app */ = {isa = PBXFileReference; explicitFileType = wrapper.application; includeInIndex = 0; path = MyMonero.app; sourceTree = BUILT_PRODUCTS_DIR; };
		9F7ADAB51EBD2B420073C2BB /* mymonero-js-core-build.js */ = {isa = PBXFileReference; fileEncoding = 4; lastKnownFileType = sourcecode.javascript; path = "mymonero-js-core-build.js"; sourceTree = "<group>"; };
		9F7ADAF11EBD2BC00073C2BB /* MyMoneroJSCore.swift */ = {isa = PBXFileReference; fileEncoding = 4; lastKnownFileType = sourcecode.swift; path = MyMoneroJSCore.swift; sourceTree = "<group>"; };
		9F7ADAF41EBD2C1C0073C2BB /* AppDelegate.swift */ = {isa = PBXFileReference; fileEncoding = 4; lastKnownFileType = sourcecode.swift; path = AppDelegate.swift; sourceTree = "<group>"; };
		9F7ADAF51EBD2C1C0073C2BB /* RootViewController.swift */ = {isa = PBXFileReference; fileEncoding = 4; lastKnownFileType = sourcecode.swift; path = RootViewController.swift; sourceTree = "<group>"; };
		9F7ADAF71EBD2C1C0073C2BB /* Assets.xcassets */ = {isa = PBXFileReference; lastKnownFileType = folder.assetcatalog; path = Assets.xcassets; sourceTree = "<group>"; };
		9F7ADAF81EBD2C1C0073C2BB /* Info.plist */ = {isa = PBXFileReference; fileEncoding = 4; lastKnownFileType = text.plist.xml; path = Info.plist; sourceTree = "<group>"; };
		9F7ADAFD1EBD2CAF0073C2BB /* LaunchScreen.storyboard */ = {isa = PBXFileReference; fileEncoding = 4; lastKnownFileType = file.storyboard; path = LaunchScreen.storyboard; sourceTree = "<group>"; };
		9F7ADB011EBD30330073C2BB /* RuntimeController.swift */ = {isa = PBXFileReference; fileEncoding = 4; lastKnownFileType = sourcecode.swift; path = RuntimeController.swift; sourceTree = "<group>"; };
		9F7ADB031EBD30710073C2BB /* WindowController.swift */ = {isa = PBXFileReference; fileEncoding = 4; lastKnownFileType = sourcecode.swift; path = WindowController.swift; sourceTree = "<group>"; };
/* End PBXFileReference section */

/* Begin PBXFrameworksBuildPhase section */
		9F24AE161EBA7D3A00841BCB /* Frameworks */ = {
			isa = PBXFrameworksBuildPhase;
			buildActionMask = 2147483647;
			files = (
			);
			runOnlyForDeploymentPostprocessing = 0;
		};
/* End PBXFrameworksBuildPhase section */

/* Begin PBXGroup section */
		9F24AE101EBA7D3A00841BCB = {
			isa = PBXGroup;
			children = (
				9F7ADAA51EBD2B420073C2BB /* Modules */,
				9F24AE1A1EBA7D3A00841BCB /* Products */,
			);
			sourceTree = "<group>";
		};
		9F24AE1A1EBA7D3A00841BCB /* Products */ = {
			isa = PBXGroup;
			children = (
				9F24AE191EBA7D3A00841BCB /* MyMonero.app */,
			);
			name = Products;
			sourceTree = "<group>";
		};
		9F7ADAA51EBD2B420073C2BB /* Modules */ = {
			isa = PBXGroup;
			children = (
				9F7ADAA61EBD2B420073C2BB /* App */,
				9F7ADAAF1EBD2B420073C2BB /* MyMoneroJSCore */,
			);
			path = Modules;
			sourceTree = "<group>";
		};
		9F7ADAA61EBD2B420073C2BB /* App */ = {
			isa = PBXGroup;
			children = (
				9F7ADAF31EBD2C1C0073C2BB /* Controllers */,
				9F7ADAF61EBD2C1C0073C2BB /* Resources */,
			);
			path = App;
			sourceTree = "<group>";
		};
		9F7ADAAF1EBD2B420073C2BB /* MyMoneroJSCore */ = {
			isa = PBXGroup;
			children = (
				9F7ADAF11EBD2BC00073C2BB /* MyMoneroJSCore.swift */,
				9F7ADAB41EBD2B420073C2BB /* build */,
			);
			path = MyMoneroJSCore;
			sourceTree = "<group>";
		};
		9F7ADAB41EBD2B420073C2BB /* build */ = {
			isa = PBXGroup;
			children = (
				9F7ADAB51EBD2B420073C2BB /* mymonero-js-core-build.js */,
			);
			path = build;
			sourceTree = "<group>";
		};
		9F7ADAF31EBD2C1C0073C2BB /* Controllers */ = {
			isa = PBXGroup;
			children = (
				9F7ADAF41EBD2C1C0073C2BB /* AppDelegate.swift */,
				9F7ADB031EBD30710073C2BB /* WindowController.swift */,
				9F7ADAF51EBD2C1C0073C2BB /* RootViewController.swift */,
				9F7ADB011EBD30330073C2BB /* RuntimeController.swift */,
			);
			path = Controllers;
			sourceTree = "<group>";
		};
		9F7ADAF61EBD2C1C0073C2BB /* Resources */ = {
			isa = PBXGroup;
			children = (
				9F7ADAFD1EBD2CAF0073C2BB /* LaunchScreen.storyboard */,
				9F7ADAF71EBD2C1C0073C2BB /* Assets.xcassets */,
				9F7ADAF81EBD2C1C0073C2BB /* Info.plist */,
			);
			path = Resources;
			sourceTree = "<group>";
		};
/* End PBXGroup section */

/* Begin PBXNativeTarget section */
		9F24AE181EBA7D3A00841BCB /* MyMonero */ = {
			isa = PBXNativeTarget;
			buildConfigurationList = 9F24AE411EBA7D3A00841BCB /* Build configuration list for PBXNativeTarget "MyMonero" */;
			buildPhases = (
				9F24AE151EBA7D3A00841BCB /* Sources */,
				9F24AE161EBA7D3A00841BCB /* Frameworks */,
				9F24AE171EBA7D3A00841BCB /* Resources */,
			);
			buildRules = (
			);
			dependencies = (
			);
			name = MyMonero;
			productName = MyMonero;
			productReference = 9F24AE191EBA7D3A00841BCB /* MyMonero.app */;
			productType = "com.apple.product-type.application";
		};
/* End PBXNativeTarget section */

/* Begin PBXProject section */
		9F24AE111EBA7D3A00841BCB /* Project object */ = {
			isa = PBXProject;
			attributes = {
				LastSwiftUpdateCheck = 0830;
				LastUpgradeCheck = 0830;
				ORGANIZATIONNAME = MyMonero;
				TargetAttributes = {
					9F24AE181EBA7D3A00841BCB = {
						CreatedOnToolsVersion = 8.3.2;
						ProvisioningStyle = Automatic;
					};
				};
			};
			buildConfigurationList = 9F24AE141EBA7D3A00841BCB /* Build configuration list for PBXProject "MyMonero" */;
			compatibilityVersion = "Xcode 3.2";
			developmentRegion = English;
			hasScannedForEncodings = 0;
			knownRegions = (
				en,
				Base,
			);
			mainGroup = 9F24AE101EBA7D3A00841BCB;
			productRefGroup = 9F24AE1A1EBA7D3A00841BCB /* Products */;
			projectDirPath = "";
			projectRoot = "";
			targets = (
				9F24AE181EBA7D3A00841BCB /* MyMonero */,
			);
		};
/* End PBXProject section */

/* Begin PBXResourcesBuildPhase section */
		9F24AE171EBA7D3A00841BCB /* Resources */ = {
			isa = PBXResourcesBuildPhase;
			buildActionMask = 2147483647;
			files = (
				9F7ADAFB1EBD2C1C0073C2BB /* Assets.xcassets in Resources */,
				9F7ADAFE1EBD2CAF0073C2BB /* LaunchScreen.storyboard in Resources */,
				9F7ADAD91EBD2B420073C2BB /* mymonero-js-core-build.js in Resources */,
			);
			runOnlyForDeploymentPostprocessing = 0;
		};
/* End PBXResourcesBuildPhase section */

/* Begin PBXSourcesBuildPhase section */
		9F24AE151EBA7D3A00841BCB /* Sources */ = {
			isa = PBXSourcesBuildPhase;
			buildActionMask = 2147483647;
			files = (
				9F7ADAFA1EBD2C1C0073C2BB /* RootViewController.swift in Sources */,
				9F7ADB041EBD30710073C2BB /* WindowController.swift in Sources */,
				9F7ADAF91EBD2C1C0073C2BB /* AppDelegate.swift in Sources */,
				9F7ADB021EBD30330073C2BB /* RuntimeController.swift in Sources */,
				9F7ADAF21EBD2BC00073C2BB /* MyMoneroJSCore.swift in Sources */,
			);
			runOnlyForDeploymentPostprocessing = 0;
		};
/* End PBXSourcesBuildPhase section */

/* Begin XCBuildConfiguration section */
		9F24AE3F1EBA7D3A00841BCB /* Debug */ = {
			isa = XCBuildConfiguration;
			buildSettings = {
				ALWAYS_SEARCH_USER_PATHS = NO;
				CLANG_ANALYZER_NONNULL = YES;
				CLANG_ANALYZER_NUMBER_OBJECT_CONVERSION = YES_AGGRESSIVE;
				CLANG_CXX_LANGUAGE_STANDARD = "gnu++0x";
				CLANG_CXX_LIBRARY = "libc++";
				CLANG_ENABLE_MODULES = YES;
				CLANG_ENABLE_OBJC_ARC = YES;
				CLANG_WARN_BOOL_CONVERSION = YES;
				CLANG_WARN_CONSTANT_CONVERSION = YES;
				CLANG_WARN_DIRECT_OBJC_ISA_USAGE = YES_ERROR;
				CLANG_WARN_DOCUMENTATION_COMMENTS = YES;
				CLANG_WARN_EMPTY_BODY = YES;
				CLANG_WARN_ENUM_CONVERSION = YES;
				CLANG_WARN_INFINITE_RECURSION = YES;
				CLANG_WARN_INT_CONVERSION = YES;
				CLANG_WARN_OBJC_ROOT_CLASS = YES_ERROR;
				CLANG_WARN_SUSPICIOUS_MOVE = YES;
				CLANG_WARN_UNREACHABLE_CODE = YES;
				CLANG_WARN__DUPLICATE_METHOD_MATCH = YES;
				"CODE_SIGN_IDENTITY[sdk=iphoneos*]" = "iPhone Developer";
				COPY_PHASE_STRIP = NO;
				DEBUG_INFORMATION_FORMAT = dwarf;
				ENABLE_STRICT_OBJC_MSGSEND = YES;
				ENABLE_TESTABILITY = YES;
				GCC_C_LANGUAGE_STANDARD = gnu99;
				GCC_DYNAMIC_NO_PIC = NO;
				GCC_NO_COMMON_BLOCKS = YES;
				GCC_OPTIMIZATION_LEVEL = 0;
				GCC_PREPROCESSOR_DEFINITIONS = (
					"DEBUG=1",
					"$(inherited)",
				);
				GCC_WARN_64_TO_32_BIT_CONVERSION = YES;
				GCC_WARN_ABOUT_RETURN_TYPE = YES_ERROR;
				GCC_WARN_UNDECLARED_SELECTOR = YES;
				GCC_WARN_UNINITIALIZED_AUTOS = YES_AGGRESSIVE;
				GCC_WARN_UNUSED_FUNCTION = YES;
				GCC_WARN_UNUSED_VARIABLE = YES;
				IPHONEOS_DEPLOYMENT_TARGET = 10.3;
				MTL_ENABLE_DEBUG_INFO = YES;
				ONLY_ACTIVE_ARCH = YES;
				SDKROOT = iphoneos;
				SWIFT_ACTIVE_COMPILATION_CONDITIONS = DEBUG;
				SWIFT_OPTIMIZATION_LEVEL = "-Onone";
			};
			name = Debug;
		};
		9F24AE401EBA7D3A00841BCB /* Release */ = {
			isa = XCBuildConfiguration;
			buildSettings = {
				ALWAYS_SEARCH_USER_PATHS = NO;
				CLANG_ANALYZER_NONNULL = YES;
				CLANG_ANALYZER_NUMBER_OBJECT_CONVERSION = YES_AGGRESSIVE;
				CLANG_CXX_LANGUAGE_STANDARD = "gnu++0x";
				CLANG_CXX_LIBRARY = "libc++";
				CLANG_ENABLE_MODULES = YES;
				CLANG_ENABLE_OBJC_ARC = YES;
				CLANG_WARN_BOOL_CONVERSION = YES;
				CLANG_WARN_CONSTANT_CONVERSION = YES;
				CLANG_WARN_DIRECT_OBJC_ISA_USAGE = YES_ERROR;
				CLANG_WARN_DOCUMENTATION_COMMENTS = YES;
				CLANG_WARN_EMPTY_BODY = YES;
				CLANG_WARN_ENUM_CONVERSION = YES;
				CLANG_WARN_INFINITE_RECURSION = YES;
				CLANG_WARN_INT_CONVERSION = YES;
				CLANG_WARN_OBJC_ROOT_CLASS = YES_ERROR;
				CLANG_WARN_SUSPICIOUS_MOVE = YES;
				CLANG_WARN_UNREACHABLE_CODE = YES;
				CLANG_WARN__DUPLICATE_METHOD_MATCH = YES;
				"CODE_SIGN_IDENTITY[sdk=iphoneos*]" = "iPhone Developer";
				COPY_PHASE_STRIP = NO;
				DEBUG_INFORMATION_FORMAT = "dwarf-with-dsym";
				ENABLE_NS_ASSERTIONS = NO;
				ENABLE_STRICT_OBJC_MSGSEND = YES;
				GCC_C_LANGUAGE_STANDARD = gnu99;
				GCC_NO_COMMON_BLOCKS = YES;
				GCC_WARN_64_TO_32_BIT_CONVERSION = YES;
				GCC_WARN_ABOUT_RETURN_TYPE = YES_ERROR;
				GCC_WARN_UNDECLARED_SELECTOR = YES;
				GCC_WARN_UNINITIALIZED_AUTOS = YES_AGGRESSIVE;
				GCC_WARN_UNUSED_FUNCTION = YES;
				GCC_WARN_UNUSED_VARIABLE = YES;
				IPHONEOS_DEPLOYMENT_TARGET = 10.3;
				MTL_ENABLE_DEBUG_INFO = NO;
				SDKROOT = iphoneos;
				SWIFT_OPTIMIZATION_LEVEL = "-Owholemodule";
				VALIDATE_PRODUCT = YES;
			};
			name = Release;
		};
		9F24AE421EBA7D3A00841BCB /* Debug */ = {
			isa = XCBuildConfiguration;
			buildSettings = {
				ASSETCATALOG_COMPILER_APPICON_NAME = AppIcon;
				INFOPLIST_FILE = Modules/App/Resources/Info.plist;
				LD_RUNPATH_SEARCH_PATHS = "$(inherited) @executable_path/Frameworks";
				PRODUCT_BUNDLE_IDENTIFIER = com.mymonero.mymoneromobile;
				PRODUCT_NAME = "$(TARGET_NAME)";
				SWIFT_VERSION = 3.0;
			};
			name = Debug;
		};
		9F24AE431EBA7D3A00841BCB /* Release */ = {
			isa = XCBuildConfiguration;
			buildSettings = {
				ASSETCATALOG_COMPILER_APPICON_NAME = AppIcon;
				INFOPLIST_FILE = Modules/App/Resources/Info.plist;
				LD_RUNPATH_SEARCH_PATHS = "$(inherited) @executable_path/Frameworks";
				PRODUCT_BUNDLE_IDENTIFIER = com.mymonero.mymoneromobile;
				PRODUCT_NAME = "$(TARGET_NAME)";
				SWIFT_VERSION = 3.0;
			};
			name = Release;
		};
/* End XCBuildConfiguration section */

/* Begin XCConfigurationList section */
		9F24AE141EBA7D3A00841BCB /* Build configuration list for PBXProject "MyMonero" */ = {
			isa = XCConfigurationList;
			buildConfigurations = (
				9F24AE3F1EBA7D3A00841BCB /* Debug */,
				9F24AE401EBA7D3A00841BCB /* Release */,
			);
			defaultConfigurationIsVisible = 0;
			defaultConfigurationName = Release;
		};
		9F24AE411EBA7D3A00841BCB /* Build configuration list for PBXNativeTarget "MyMonero" */ = {
			isa = XCConfigurationList;
			buildConfigurations = (
				9F24AE421EBA7D3A00841BCB /* Debug */,
				9F24AE431EBA7D3A00841BCB /* Release */,
			);
			defaultConfigurationIsVisible = 0;
			defaultConfigurationName = Release;
		};
/* End XCConfigurationList section */
	};
	rootObject = 9F24AE111EBA7D3A00841BCB /* Project object */;
}
